// !$*UTF8*$!
{
	archiveVersion = 1;
	classes = {
	};
	objectVersion = 46;
	objects = {

/* Begin PBXBuildFile section */
		5CE67A8F18DAC426001EE125 /* TMHeartbeatViewContoller.mm in Sources */ = {isa = PBXBuildFile; fileRef = 5CE67A8E18DAC426001EE125 /* TMHeartbeatViewContoller.mm */; };
		5CE67AA018DAC45E001EE125 /* QuartzCore.framework in Frameworks */ = {isa = PBXBuildFile; fileRef = 5CE67A9918DAC45E001EE125 /* QuartzCore.framework */; };
		5CE67AA418DAC4A9001EE125 /* Accelerate.framework in Frameworks */ = {isa = PBXBuildFile; fileRef = 5CE67AA318DAC4A9001EE125 /* Accelerate.framework */; };
		5CE67AA618DAC4AF001EE125 /* AssetsLibrary.framework in Frameworks */ = {isa = PBXBuildFile; fileRef = 5CE67AA518DAC4AF001EE125 /* AssetsLibrary.framework */; };
		5CE67AA818DAC4BE001EE125 /* AVFoundation.framework in Frameworks */ = {isa = PBXBuildFile; fileRef = 5CE67AA718DAC4BE001EE125 /* AVFoundation.framework */; };
		5CE67AAA18DAC4CE001EE125 /* CoreMedia.framework in Frameworks */ = {isa = PBXBuildFile; fileRef = 5CE67AA918DAC4CE001EE125 /* CoreMedia.framework */; };
		5CE67AAC18DAC4D7001EE125 /* CoreVideo.framework in Frameworks */ = {isa = PBXBuildFile; fileRef = 5CE67AAB18DAC4D7001EE125 /* CoreVideo.framework */; };
		5CE67AAE18DAC4DF001EE125 /* CoreImage.framework in Frameworks */ = {isa = PBXBuildFile; fileRef = 5CE67AAD18DAC4DE001EE125 /* CoreImage.framework */; };
		5CE67AB118DAC50F001EE125 /* APLGraphView.m in Sources */ = {isa = PBXBuildFile; fileRef = 5CE67AB018DAC50F001EE125 /* APLGraphView.m */; };
		5CE67AC618DFECC8001EE125 /* opencv2.framework in Frameworks */ = {isa = PBXBuildFile; fileRef = 5CE67AC518DFECC8001EE125 /* opencv2.framework */; };
		5CE67AC718DFECC8001EE125 /* opencv2.framework in Frameworks */ = {isa = PBXBuildFile; fileRef = 5CE67AC518DFECC8001EE125 /* opencv2.framework */; };
		992A959718C7E3310055C8E8 /* Foundation.framework in Frameworks */ = {isa = PBXBuildFile; fileRef = 992A959618C7E3310055C8E8 /* Foundation.framework */; };
		992A959918C7E3310055C8E8 /* CoreGraphics.framework in Frameworks */ = {isa = PBXBuildFile; fileRef = 992A959818C7E3310055C8E8 /* CoreGraphics.framework */; };
		992A959B18C7E3310055C8E8 /* UIKit.framework in Frameworks */ = {isa = PBXBuildFile; fileRef = 992A959A18C7E3310055C8E8 /* UIKit.framework */; };
		992A95A118C7E3310055C8E8 /* InfoPlist.strings in Resources */ = {isa = PBXBuildFile; fileRef = 992A959F18C7E3310055C8E8 /* InfoPlist.strings */; };
		992A95A318C7E3310055C8E8 /* main.m in Sources */ = {isa = PBXBuildFile; fileRef = 992A95A218C7E3310055C8E8 /* main.m */; };
		992A95A718C7E3310055C8E8 /* A4AppDelegate.m in Sources */ = {isa = PBXBuildFile; fileRef = 992A95A618C7E3310055C8E8 /* A4AppDelegate.m */; };
		992A95AA18C7E3310055C8E8 /* Main.storyboard in Resources */ = {isa = PBXBuildFile; fileRef = 992A95A818C7E3310055C8E8 /* Main.storyboard */; };
		992A95AF18C7E3310055C8E8 /* Images.xcassets in Resources */ = {isa = PBXBuildFile; fileRef = 992A95AE18C7E3310055C8E8 /* Images.xcassets */; };
		992A95B618C7E3310055C8E8 /* XCTest.framework in Frameworks */ = {isa = PBXBuildFile; fileRef = 992A95B518C7E3310055C8E8 /* XCTest.framework */; };
		992A95B718C7E3310055C8E8 /* Foundation.framework in Frameworks */ = {isa = PBXBuildFile; fileRef = 992A959618C7E3310055C8E8 /* Foundation.framework */; };
		992A95B818C7E3310055C8E8 /* UIKit.framework in Frameworks */ = {isa = PBXBuildFile; fileRef = 992A959A18C7E3310055C8E8 /* UIKit.framework */; };
		992A95C018C7E3310055C8E8 /* InfoPlist.strings in Resources */ = {isa = PBXBuildFile; fileRef = 992A95BE18C7E3310055C8E8 /* InfoPlist.strings */; };
		992A95C218C7E3310055C8E8 /* Assignment4Tests.m in Sources */ = {isa = PBXBuildFile; fileRef = 992A95C118C7E3310055C8E8 /* Assignment4Tests.m */; };
		9F9E0E6318CFC9E40064DED3 /* TTViewController.m in Sources */ = {isa = PBXBuildFile; fileRef = 9F9E0E6218CFC9E40064DED3 /* TTViewController.m */; };
		9F9E0E6618CFC9F40064DED3 /* VideoAnalgesic.m in Sources */ = {isa = PBXBuildFile; fileRef = 9F9E0E6518CFC9F40064DED3 /* VideoAnalgesic.m */; };
		EF965B9A1911A9340056C2A0 /* TTHeartRateCounter.mm in Sources */ = {isa = PBXBuildFile; fileRef = EF965B991911A9340056C2A0 /* TTHeartRateCounter.mm */; };
/* End PBXBuildFile section */

/* Begin PBXContainerItemProxy section */
		992A95B918C7E3310055C8E8 /* PBXContainerItemProxy */ = {
			isa = PBXContainerItemProxy;
			containerPortal = 992A958B18C7E3310055C8E8 /* Project object */;
			proxyType = 1;
			remoteGlobalIDString = 992A959218C7E3310055C8E8;
			remoteInfo = Assignment4;
		};
/* End PBXContainerItemProxy section */

/* Begin PBXFileReference section */
		5CE67A8D18DAC426001EE125 /* TMHeartbeatViewController.h */ = {isa = PBXFileReference; fileEncoding = 4; lastKnownFileType = sourcecode.c.h; path = TMHeartbeatViewController.h; sourceTree = "<group>"; };
		5CE67A8E18DAC426001EE125 /* TMHeartbeatViewContoller.mm */ = {isa = PBXFileReference; fileEncoding = 4; lastKnownFileType = sourcecode.cpp.objcpp; path = TMHeartbeatViewContoller.mm; sourceTree = "<group>"; };
		5CE67A9918DAC45E001EE125 /* QuartzCore.framework */ = {isa = PBXFileReference; lastKnownFileType = wrapper.framework; path = QuartzCore.framework; sourceTree = "<group>"; };
		5CE67AA318DAC4A9001EE125 /* Accelerate.framework */ = {isa = PBXFileReference; lastKnownFileType = wrapper.framework; name = Accelerate.framework; path = System/Library/Frameworks/Accelerate.framework; sourceTree = SDKROOT; };
		5CE67AA518DAC4AF001EE125 /* AssetsLibrary.framework */ = {isa = PBXFileReference; lastKnownFileType = wrapper.framework; name = AssetsLibrary.framework; path = System/Library/Frameworks/AssetsLibrary.framework; sourceTree = SDKROOT; };
		5CE67AA718DAC4BE001EE125 /* AVFoundation.framework */ = {isa = PBXFileReference; lastKnownFileType = wrapper.framework; name = AVFoundation.framework; path = System/Library/Frameworks/AVFoundation.framework; sourceTree = SDKROOT; };
		5CE67AA918DAC4CE001EE125 /* CoreMedia.framework */ = {isa = PBXFileReference; lastKnownFileType = wrapper.framework; name = CoreMedia.framework; path = System/Library/Frameworks/CoreMedia.framework; sourceTree = SDKROOT; };
		5CE67AAB18DAC4D7001EE125 /* CoreVideo.framework */ = {isa = PBXFileReference; lastKnownFileType = wrapper.framework; name = CoreVideo.framework; path = System/Library/Frameworks/CoreVideo.framework; sourceTree = SDKROOT; };
		5CE67AAD18DAC4DE001EE125 /* CoreImage.framework */ = {isa = PBXFileReference; lastKnownFileType = wrapper.framework; name = CoreImage.framework; path = System/Library/Frameworks/CoreImage.framework; sourceTree = SDKROOT; };
		5CE67AAF18DAC50F001EE125 /* APLGraphView.h */ = {isa = PBXFileReference; fileEncoding = 4; lastKnownFileType = sourcecode.c.h; path = APLGraphView.h; sourceTree = "<group>"; };
		5CE67AB018DAC50F001EE125 /* APLGraphView.m */ = {isa = PBXFileReference; fileEncoding = 4; lastKnownFileType = sourcecode.c.objc; path = APLGraphView.m; sourceTree = "<group>"; };
		5CE67AC518DFECC8001EE125 /* opencv2.framework */ = {isa = PBXFileReference; lastKnownFileType = wrapper.framework; path = opencv2.framework; sourceTree = "<group>"; };
		992A959318C7E3310055C8E8 /* Assignment4.app */ = {isa = PBXFileReference; explicitFileType = wrapper.application; includeInIndex = 0; path = Assignment4.app; sourceTree = BUILT_PRODUCTS_DIR; };
		992A959618C7E3310055C8E8 /* Foundation.framework */ = {isa = PBXFileReference; lastKnownFileType = wrapper.framework; name = Foundation.framework; path = System/Library/Frameworks/Foundation.framework; sourceTree = SDKROOT; };
		992A959818C7E3310055C8E8 /* CoreGraphics.framework */ = {isa = PBXFileReference; lastKnownFileType = wrapper.framework; name = CoreGraphics.framework; path = System/Library/Frameworks/CoreGraphics.framework; sourceTree = SDKROOT; };
		992A959A18C7E3310055C8E8 /* UIKit.framework */ = {isa = PBXFileReference; lastKnownFileType = wrapper.framework; name = UIKit.framework; path = System/Library/Frameworks/UIKit.framework; sourceTree = SDKROOT; };
		992A959E18C7E3310055C8E8 /* Assignment4-Info.plist */ = {isa = PBXFileReference; lastKnownFileType = text.plist.xml; path = "Assignment4-Info.plist"; sourceTree = "<group>"; };
		992A95A018C7E3310055C8E8 /* en */ = {isa = PBXFileReference; lastKnownFileType = text.plist.strings; name = en; path = en.lproj/InfoPlist.strings; sourceTree = "<group>"; };
		992A95A218C7E3310055C8E8 /* main.m */ = {isa = PBXFileReference; lastKnownFileType = sourcecode.c.objc; path = main.m; sourceTree = "<group>"; };
		992A95A418C7E3310055C8E8 /* Assignment4-Prefix.pch */ = {isa = PBXFileReference; lastKnownFileType = sourcecode.c.h; path = "Assignment4-Prefix.pch"; sourceTree = "<group>"; };
		992A95A518C7E3310055C8E8 /* A4AppDelegate.h */ = {isa = PBXFileReference; lastKnownFileType = sourcecode.c.h; path = A4AppDelegate.h; sourceTree = "<group>"; };
		992A95A618C7E3310055C8E8 /* A4AppDelegate.m */ = {isa = PBXFileReference; lastKnownFileType = sourcecode.c.objc; path = A4AppDelegate.m; sourceTree = "<group>"; };
		992A95A918C7E3310055C8E8 /* Base */ = {isa = PBXFileReference; lastKnownFileType = file.storyboard; name = Base; path = Base.lproj/Main.storyboard; sourceTree = "<group>"; };
		992A95AE18C7E3310055C8E8 /* Images.xcassets */ = {isa = PBXFileReference; lastKnownFileType = folder.assetcatalog; path = Images.xcassets; sourceTree = "<group>"; };
		992A95B418C7E3310055C8E8 /* Assignment4Tests.xctest */ = {isa = PBXFileReference; explicitFileType = wrapper.cfbundle; includeInIndex = 0; path = Assignment4Tests.xctest; sourceTree = BUILT_PRODUCTS_DIR; };
		992A95B518C7E3310055C8E8 /* XCTest.framework */ = {isa = PBXFileReference; lastKnownFileType = wrapper.framework; name = XCTest.framework; path = Library/Frameworks/XCTest.framework; sourceTree = DEVELOPER_DIR; };
		992A95BD18C7E3310055C8E8 /* Assignment4Tests-Info.plist */ = {isa = PBXFileReference; lastKnownFileType = text.plist.xml; path = "Assignment4Tests-Info.plist"; sourceTree = "<group>"; };
		992A95BF18C7E3310055C8E8 /* en */ = {isa = PBXFileReference; lastKnownFileType = text.plist.strings; name = en; path = en.lproj/InfoPlist.strings; sourceTree = "<group>"; };
		992A95C118C7E3310055C8E8 /* Assignment4Tests.m */ = {isa = PBXFileReference; lastKnownFileType = sourcecode.c.objc; path = Assignment4Tests.m; sourceTree = "<group>"; };
		9F9E0E6118CFC9E40064DED3 /* TTViewController.h */ = {isa = PBXFileReference; fileEncoding = 4; lastKnownFileType = sourcecode.c.h; path = TTViewController.h; sourceTree = "<group>"; };
		9F9E0E6218CFC9E40064DED3 /* TTViewController.m */ = {isa = PBXFileReference; fileEncoding = 4; lastKnownFileType = sourcecode.c.objc; path = TTViewController.m; sourceTree = "<group>"; };
		9F9E0E6418CFC9F40064DED3 /* VideoAnalgesic.h */ = {isa = PBXFileReference; fileEncoding = 4; lastKnownFileType = sourcecode.c.h; path = VideoAnalgesic.h; sourceTree = "<group>"; };
		9F9E0E6518CFC9F40064DED3 /* VideoAnalgesic.m */ = {isa = PBXFileReference; fileEncoding = 4; lastKnownFileType = sourcecode.c.objc; path = VideoAnalgesic.m; sourceTree = "<group>"; };
		EF965B981911A9340056C2A0 /* TTHeartRateCounter.h */ = {isa = PBXFileReference; fileEncoding = 4; lastKnownFileType = sourcecode.c.h; path = TTHeartRateCounter.h; sourceTree = "<group>"; };
		EF965B991911A9340056C2A0 /* TTHeartRateCounter.mm */ = {isa = PBXFileReference; fileEncoding = 4; lastKnownFileType = sourcecode.cpp.objcpp; path = TTHeartRateCounter.mm; sourceTree = "<group>"; };
/* End PBXFileReference section */

/* Begin PBXFrameworksBuildPhase section */
		992A959018C7E3310055C8E8 /* Frameworks */ = {
			isa = PBXFrameworksBuildPhase;
			buildActionMask = 2147483647;
			files = (
				5CE67AAE18DAC4DF001EE125 /* CoreImage.framework in Frameworks */,
				5CE67AAC18DAC4D7001EE125 /* CoreVideo.framework in Frameworks */,
				5CE67AAA18DAC4CE001EE125 /* CoreMedia.framework in Frameworks */,
				5CE67AA818DAC4BE001EE125 /* AVFoundation.framework in Frameworks */,
				5CE67AA618DAC4AF001EE125 /* AssetsLibrary.framework in Frameworks */,
				5CE67AA418DAC4A9001EE125 /* Accelerate.framework in Frameworks */,
				992A959918C7E3310055C8E8 /* CoreGraphics.framework in Frameworks */,
				992A959B18C7E3310055C8E8 /* UIKit.framework in Frameworks */,
				5CE67AA018DAC45E001EE125 /* QuartzCore.framework in Frameworks */,
				992A959718C7E3310055C8E8 /* Foundation.framework in Frameworks */,
				5CE67AC618DFECC8001EE125 /* opencv2.framework in Frameworks */,
			);
			runOnlyForDeploymentPostprocessing = 0;
		};
		992A95B118C7E3310055C8E8 /* Frameworks */ = {
			isa = PBXFrameworksBuildPhase;
			buildActionMask = 2147483647;
			files = (
				992A95B618C7E3310055C8E8 /* XCTest.framework in Frameworks */,
				992A95B818C7E3310055C8E8 /* UIKit.framework in Frameworks */,
				5CE67AC718DFECC8001EE125 /* opencv2.framework in Frameworks */,
				992A95B718C7E3310055C8E8 /* Foundation.framework in Frameworks */,
			);
			runOnlyForDeploymentPostprocessing = 0;
		};
/* End PBXFrameworksBuildPhase section */

/* Begin PBXGroup section */
		992A958A18C7E3310055C8E8 = {
			isa = PBXGroup;
			children = (
				992A959C18C7E3310055C8E8 /* Assignment4 */,
				992A95BB18C7E3310055C8E8 /* Assignment4Tests */,
				992A959518C7E3310055C8E8 /* Frameworks */,
				992A959418C7E3310055C8E8 /* Products */,
			);
			sourceTree = "<group>";
		};
		992A959418C7E3310055C8E8 /* Products */ = {
			isa = PBXGroup;
			children = (
				992A959318C7E3310055C8E8 /* Assignment4.app */,
				992A95B418C7E3310055C8E8 /* Assignment4Tests.xctest */,
			);
			name = Products;
			sourceTree = "<group>";
		};
		992A959518C7E3310055C8E8 /* Frameworks */ = {
			isa = PBXGroup;
			children = (
				5CE67AC518DFECC8001EE125 /* opencv2.framework */,
				5CE67AAD18DAC4DE001EE125 /* CoreImage.framework */,
				5CE67AAB18DAC4D7001EE125 /* CoreVideo.framework */,
				5CE67AA918DAC4CE001EE125 /* CoreMedia.framework */,
				5CE67AA718DAC4BE001EE125 /* AVFoundation.framework */,
				5CE67AA518DAC4AF001EE125 /* AssetsLibrary.framework */,
				5CE67AA318DAC4A9001EE125 /* Accelerate.framework */,
				5CE67A9918DAC45E001EE125 /* QuartzCore.framework */,
				992A959618C7E3310055C8E8 /* Foundation.framework */,
				992A959818C7E3310055C8E8 /* CoreGraphics.framework */,
				992A959A18C7E3310055C8E8 /* UIKit.framework */,
				992A95B518C7E3310055C8E8 /* XCTest.framework */,
			);
			name = Frameworks;
			sourceTree = "<group>";
		};
		992A959C18C7E3310055C8E8 /* Assignment4 */ = {
			isa = PBXGroup;
			children = (
				EF965B981911A9340056C2A0 /* TTHeartRateCounter.h */,
				EF965B991911A9340056C2A0 /* TTHeartRateCounter.mm */,
				5CE67AAF18DAC50F001EE125 /* APLGraphView.h */,
				5CE67AB018DAC50F001EE125 /* APLGraphView.m */,
				5CE67A8D18DAC426001EE125 /* TMHeartbeatViewController.h */,
				5CE67A8E18DAC426001EE125 /* TMHeartbeatViewContoller.mm */,
				992A95A518C7E3310055C8E8 /* A4AppDelegate.h */,
				992A95A618C7E3310055C8E8 /* A4AppDelegate.m */,
				992A95A818C7E3310055C8E8 /* Main.storyboard */,
				9F9E0E6418CFC9F40064DED3 /* VideoAnalgesic.h */,
				9F9E0E6518CFC9F40064DED3 /* VideoAnalgesic.m */,
				9F9E0E6118CFC9E40064DED3 /* TTViewController.h */,
				9F9E0E6218CFC9E40064DED3 /* TTViewController.m */,
				992A95AE18C7E3310055C8E8 /* Images.xcassets */,
				992A959D18C7E3310055C8E8 /* Supporting Files */,
			);
			path = Assignment4;
			sourceTree = "<group>";
		};
		992A959D18C7E3310055C8E8 /* Supporting Files */ = {
			isa = PBXGroup;
			children = (
				992A959E18C7E3310055C8E8 /* Assignment4-Info.plist */,
				992A959F18C7E3310055C8E8 /* InfoPlist.strings */,
				992A95A218C7E3310055C8E8 /* main.m */,
				992A95A418C7E3310055C8E8 /* Assignment4-Prefix.pch */,
			);
			name = "Supporting Files";
			sourceTree = "<group>";
		};
		992A95BB18C7E3310055C8E8 /* Assignment4Tests */ = {
			isa = PBXGroup;
			children = (
				992A95C118C7E3310055C8E8 /* Assignment4Tests.m */,
				992A95BC18C7E3310055C8E8 /* Supporting Files */,
			);
			path = Assignment4Tests;
			sourceTree = "<group>";
		};
		992A95BC18C7E3310055C8E8 /* Supporting Files */ = {
			isa = PBXGroup;
			children = (
				992A95BD18C7E3310055C8E8 /* Assignment4Tests-Info.plist */,
				992A95BE18C7E3310055C8E8 /* InfoPlist.strings */,
			);
			name = "Supporting Files";
			sourceTree = "<group>";
		};
/* End PBXGroup section */

/* Begin PBXNativeTarget section */
		992A959218C7E3310055C8E8 /* Assignment4 */ = {
			isa = PBXNativeTarget;
			buildConfigurationList = 992A95C518C7E3310055C8E8 /* Build configuration list for PBXNativeTarget "Assignment4" */;
			buildPhases = (
				992A958F18C7E3310055C8E8 /* Sources */,
				992A959018C7E3310055C8E8 /* Frameworks */,
				992A959118C7E3310055C8E8 /* Resources */,
			);
			buildRules = (
			);
			dependencies = (
			);
			name = Assignment4;
			productName = Assignment4;
			productReference = 992A959318C7E3310055C8E8 /* Assignment4.app */;
			productType = "com.apple.product-type.application";
		};
		992A95B318C7E3310055C8E8 /* Assignment4Tests */ = {
			isa = PBXNativeTarget;
			buildConfigurationList = 992A95C818C7E3310055C8E8 /* Build configuration list for PBXNativeTarget "Assignment4Tests" */;
			buildPhases = (
				992A95B018C7E3310055C8E8 /* Sources */,
				992A95B118C7E3310055C8E8 /* Frameworks */,
				992A95B218C7E3310055C8E8 /* Resources */,
			);
			buildRules = (
			);
			dependencies = (
				992A95BA18C7E3310055C8E8 /* PBXTargetDependency */,
			);
			name = Assignment4Tests;
			productName = Assignment4Tests;
			productReference = 992A95B418C7E3310055C8E8 /* Assignment4Tests.xctest */;
			productType = "com.apple.product-type.bundle.unit-test";
		};
/* End PBXNativeTarget section */

/* Begin PBXProject section */
		992A958B18C7E3310055C8E8 /* Project object */ = {
			isa = PBXProject;
			attributes = {
				CLASSPREFIX = A4;
				LastUpgradeCheck = 0510;
				ORGANIZATIONNAME = "Team Team";
				TargetAttributes = {
					992A95B318C7E3310055C8E8 = {
						TestTargetID = 992A959218C7E3310055C8E8;
					};
				};
			};
			buildConfigurationList = 992A958E18C7E3310055C8E8 /* Build configuration list for PBXProject "Assignment4" */;
			compatibilityVersion = "Xcode 3.2";
			developmentRegion = English;
			hasScannedForEncodings = 0;
			knownRegions = (
				en,
				Base,
			);
			mainGroup = 992A958A18C7E3310055C8E8;
			productRefGroup = 992A959418C7E3310055C8E8 /* Products */;
			projectDirPath = "";
			projectRoot = "";
			targets = (
				992A959218C7E3310055C8E8 /* Assignment4 */,
				992A95B318C7E3310055C8E8 /* Assignment4Tests */,
			);
		};
/* End PBXProject section */

/* Begin PBXResourcesBuildPhase section */
		992A959118C7E3310055C8E8 /* Resources */ = {
			isa = PBXResourcesBuildPhase;
			buildActionMask = 2147483647;
			files = (
				992A95AF18C7E3310055C8E8 /* Images.xcassets in Resources */,
				992A95A118C7E3310055C8E8 /* InfoPlist.strings in Resources */,
				992A95AA18C7E3310055C8E8 /* Main.storyboard in Resources */,
			);
			runOnlyForDeploymentPostprocessing = 0;
		};
		992A95B218C7E3310055C8E8 /* Resources */ = {
			isa = PBXResourcesBuildPhase;
			buildActionMask = 2147483647;
			files = (
				992A95C018C7E3310055C8E8 /* InfoPlist.strings in Resources */,
			);
			runOnlyForDeploymentPostprocessing = 0;
		};
/* End PBXResourcesBuildPhase section */

/* Begin PBXSourcesBuildPhase section */
		992A958F18C7E3310055C8E8 /* Sources */ = {
			isa = PBXSourcesBuildPhase;
			buildActionMask = 2147483647;
			files = (
				9F9E0E6318CFC9E40064DED3 /* TTViewController.m in Sources */,
				992A95A318C7E3310055C8E8 /* main.m in Sources */,
				5CE67A8F18DAC426001EE125 /* TMHeartbeatViewContoller.mm in Sources */,
				9F9E0E6618CFC9F40064DED3 /* VideoAnalgesic.m in Sources */,
				992A95A718C7E3310055C8E8 /* A4AppDelegate.m in Sources */,
				EF965B9A1911A9340056C2A0 /* TTHeartRateCounter.mm in Sources */,
				5CE67AB118DAC50F001EE125 /* APLGraphView.m in Sources */,
			);
			runOnlyForDeploymentPostprocessing = 0;
		};
		992A95B018C7E3310055C8E8 /* Sources */ = {
			isa = PBXSourcesBuildPhase;
			buildActionMask = 2147483647;
			files = (
				992A95C218C7E3310055C8E8 /* Assignment4Tests.m in Sources */,
			);
			runOnlyForDeploymentPostprocessing = 0;
		};
/* End PBXSourcesBuildPhase section */

/* Begin PBXTargetDependency section */
		992A95BA18C7E3310055C8E8 /* PBXTargetDependency */ = {
			isa = PBXTargetDependency;
			target = 992A959218C7E3310055C8E8 /* Assignment4 */;
			targetProxy = 992A95B918C7E3310055C8E8 /* PBXContainerItemProxy */;
		};
/* End PBXTargetDependency section */

/* Begin PBXVariantGroup section */
		992A959F18C7E3310055C8E8 /* InfoPlist.strings */ = {
			isa = PBXVariantGroup;
			children = (
				992A95A018C7E3310055C8E8 /* en */,
			);
			name = InfoPlist.strings;
			sourceTree = "<group>";
		};
		992A95A818C7E3310055C8E8 /* Main.storyboard */ = {
			isa = PBXVariantGroup;
			children = (
				992A95A918C7E3310055C8E8 /* Base */,
			);
			name = Main.storyboard;
			sourceTree = "<group>";
		};
		992A95BE18C7E3310055C8E8 /* InfoPlist.strings */ = {
			isa = PBXVariantGroup;
			children = (
				992A95BF18C7E3310055C8E8 /* en */,
			);
			name = InfoPlist.strings;
			sourceTree = "<group>";
		};
/* End PBXVariantGroup section */

/* Begin XCBuildConfiguration section */
		992A95C318C7E3310055C8E8 /* Debug */ = {
			isa = XCBuildConfiguration;
			buildSettings = {
				ALWAYS_SEARCH_USER_PATHS = NO;
				CLANG_CXX_LANGUAGE_STANDARD = "gnu++0x";
				CLANG_CXX_LIBRARY = "libc++";
				CLANG_ENABLE_MODULES = YES;
				CLANG_ENABLE_OBJC_ARC = YES;
				CLANG_WARN_BOOL_CONVERSION = YES;
				CLANG_WARN_CONSTANT_CONVERSION = YES;
				CLANG_WARN_DIRECT_OBJC_ISA_USAGE = YES_ERROR;
				CLANG_WARN_EMPTY_BODY = YES;
				CLANG_WARN_ENUM_CONVERSION = YES;
				CLANG_WARN_INT_CONVERSION = YES;
				CLANG_WARN_OBJC_ROOT_CLASS = YES_ERROR;
				CLANG_WARN__DUPLICATE_METHOD_MATCH = YES;
				"CODE_SIGN_IDENTITY[sdk=iphoneos*]" = "iPhone Developer";
				COPY_PHASE_STRIP = NO;
				GCC_C_LANGUAGE_STANDARD = gnu99;
				GCC_DYNAMIC_NO_PIC = NO;
				GCC_OPTIMIZATION_LEVEL = 0;
				GCC_PREPROCESSOR_DEFINITIONS = (
					"DEBUG=1",
					"$(inherited)",
				);
				GCC_SYMBOLS_PRIVATE_EXTERN = NO;
				GCC_WARN_64_TO_32_BIT_CONVERSION = YES;
				GCC_WARN_ABOUT_RETURN_TYPE = YES_ERROR;
				GCC_WARN_UNDECLARED_SELECTOR = YES;
				GCC_WARN_UNINITIALIZED_AUTOS = YES;
				GCC_WARN_UNUSED_FUNCTION = YES;
				GCC_WARN_UNUSED_VARIABLE = YES;
				IPHONEOS_DEPLOYMENT_TARGET = 7.0;
				ONLY_ACTIVE_ARCH = YES;
				SDKROOT = iphoneos;
			};
			name = Debug;
		};
		992A95C418C7E3310055C8E8 /* Release */ = {
			isa = XCBuildConfiguration;
			buildSettings = {
				ALWAYS_SEARCH_USER_PATHS = NO;
				CLANG_CXX_LANGUAGE_STANDARD = "gnu++0x";
				CLANG_CXX_LIBRARY = "libc++";
				CLANG_ENABLE_MODULES = YES;
				CLANG_ENABLE_OBJC_ARC = YES;
				CLANG_WARN_BOOL_CONVERSION = YES;
				CLANG_WARN_CONSTANT_CONVERSION = YES;
				CLANG_WARN_DIRECT_OBJC_ISA_USAGE = YES_ERROR;
				CLANG_WARN_EMPTY_BODY = YES;
				CLANG_WARN_ENUM_CONVERSION = YES;
				CLANG_WARN_INT_CONVERSION = YES;
				CLANG_WARN_OBJC_ROOT_CLASS = YES_ERROR;
				CLANG_WARN__DUPLICATE_METHOD_MATCH = YES;
				"CODE_SIGN_IDENTITY[sdk=iphoneos*]" = "iPhone Developer";
				COPY_PHASE_STRIP = YES;
				ENABLE_NS_ASSERTIONS = NO;
				GCC_C_LANGUAGE_STANDARD = gnu99;
				GCC_WARN_64_TO_32_BIT_CONVERSION = YES;
				GCC_WARN_ABOUT_RETURN_TYPE = YES_ERROR;
				GCC_WARN_UNDECLARED_SELECTOR = YES;
				GCC_WARN_UNINITIALIZED_AUTOS = YES;
				GCC_WARN_UNUSED_FUNCTION = YES;
				GCC_WARN_UNUSED_VARIABLE = YES;
				IPHONEOS_DEPLOYMENT_TARGET = 7.0;
				SDKROOT = iphoneos;
				VALIDATE_PRODUCT = YES;
			};
			name = Release;
		};
		992A95C618C7E3310055C8E8 /* Debug */ = {
			isa = XCBuildConfiguration;
			buildSettings = {
				ASSETCATALOG_COMPILER_APPICON_NAME = AppIcon;
				ASSETCATALOG_COMPILER_LAUNCHIMAGE_NAME = LaunchImage;
				FRAMEWORK_SEARCH_PATHS = (
					"$(inherited)",
					"$(PROJECT_DIR)",
				);
				GCC_PRECOMPILE_PREFIX_HEADER = YES;
				GCC_PREFIX_HEADER = "Assignment4/Assignment4-Prefix.pch";
				INFOPLIST_FILE = "Assignment4/Assignment4-Info.plist";
				PRODUCT_NAME = "$(TARGET_NAME)";
				WRAPPER_EXTENSION = app;
			};
			name = Debug;
		};
		992A95C718C7E3310055C8E8 /* Release */ = {
			isa = XCBuildConfiguration;
			buildSettings = {
				ASSETCATALOG_COMPILER_APPICON_NAME = AppIcon;
				ASSETCATALOG_COMPILER_LAUNCHIMAGE_NAME = LaunchImage;
				FRAMEWORK_SEARCH_PATHS = (
					"$(inherited)",
					"$(PROJECT_DIR)",
				);
				GCC_PRECOMPILE_PREFIX_HEADER = YES;
				GCC_PREFIX_HEADER = "Assignment4/Assignment4-Prefix.pch";
				INFOPLIST_FILE = "Assignment4/Assignment4-Info.plist";
				PRODUCT_NAME = "$(TARGET_NAME)";
				WRAPPER_EXTENSION = app;
			};
			name = Release;
		};
		992A95C918C7E3310055C8E8 /* Debug */ = {
			isa = XCBuildConfiguration;
			buildSettings = {
				BUNDLE_LOADER = "$(BUILT_PRODUCTS_DIR)/Assignment4.app/Assignment4";
				FRAMEWORK_SEARCH_PATHS = (
					"$(SDKROOT)/Developer/Library/Frameworks",
					"$(inherited)",
					"$(DEVELOPER_FRAMEWORKS_DIR)",
					"$(PROJECT_DIR)",
				);
				GCC_PRECOMPILE_PREFIX_HEADER = YES;
				GCC_PREFIX_HEADER = "Assignment4/Assignment4-Prefix.pch";
				GCC_PREPROCESSOR_DEFINITIONS = (
					"DEBUG=1",
					"$(inherited)",
				);
				INFOPLIST_FILE = "Assignment4Tests/Assignment4Tests-Info.plist";
				PRODUCT_NAME = "$(TARGET_NAME)";
				TEST_HOST = "$(BUNDLE_LOADER)";
				WRAPPER_EXTENSION = xctest;
			};
			name = Debug;
		};
		992A95CA18C7E3310055C8E8 /* Release */ = {
			isa = XCBuildConfiguration;
			buildSettings = {
				BUNDLE_LOADER = "$(BUILT_PRODUCTS_DIR)/Assignment4.app/Assignment4";
				FRAMEWORK_SEARCH_PATHS = (
					"$(SDKROOT)/Developer/Library/Frameworks",
					"$(inherited)",
					"$(DEVELOPER_FRAMEWORKS_DIR)",
					"$(PROJECT_DIR)",
				);
				GCC_PRECOMPILE_PREFIX_HEADER = YES;
				GCC_PREFIX_HEADER = "Assignment4/Assignment4-Prefix.pch";
				INFOPLIST_FILE = "Assignment4Tests/Assignment4Tests-Info.plist";
				PRODUCT_NAME = "$(TARGET_NAME)";
				TEST_HOST = "$(BUNDLE_LOADER)";
				WRAPPER_EXTENSION = xctest;
			};
			name = Release;
		};
/* End XCBuildConfiguration section */

/* Begin XCConfigurationList section */
		992A958E18C7E3310055C8E8 /* Build configuration list for PBXProject "Assignment4" */ = {
			isa = XCConfigurationList;
			buildConfigurations = (
				992A95C318C7E3310055C8E8 /* Debug */,
				992A95C418C7E3310055C8E8 /* Release */,
			);
			defaultConfigurationIsVisible = 0;
			defaultConfigurationName = Release;
		};
		992A95C518C7E3310055C8E8 /* Build configuration list for PBXNativeTarget "Assignment4" */ = {
			isa = XCConfigurationList;
			buildConfigurations = (
				992A95C618C7E3310055C8E8 /* Debug */,
				992A95C718C7E3310055C8E8 /* Release */,
			);
			defaultConfigurationIsVisible = 0;
			defaultConfigurationName = Release;
		};
		992A95C818C7E3310055C8E8 /* Build configuration list for PBXNativeTarget "Assignment4Tests" */ = {
			isa = XCConfigurationList;
			buildConfigurations = (
				992A95C918C7E3310055C8E8 /* Debug */,
				992A95CA18C7E3310055C8E8 /* Release */,
			);
			defaultConfigurationIsVisible = 0;
			defaultConfigurationName = Release;
		};
/* End XCConfigurationList section */
	};
	rootObject = 992A958B18C7E3310055C8E8 /* Project object */;
}
