// !$*UTF8*$!
{
	archiveVersion = 1;
	classes = {
	};
	objectVersion = 46;
	objects = {

/* Begin PBXBuildFile section */
		EF9604AA18AC318000E51248 /* Foundation.framework in Frameworks */ = {isa = PBXBuildFile; fileRef = EF9604A918AC318000E51248 /* Foundation.framework */; };
		EF9604AC18AC318000E51248 /* CoreGraphics.framework in Frameworks */ = {isa = PBXBuildFile; fileRef = EF9604AB18AC318000E51248 /* CoreGraphics.framework */; };
		EF9604AE18AC318000E51248 /* UIKit.framework in Frameworks */ = {isa = PBXBuildFile; fileRef = EF9604AD18AC318000E51248 /* UIKit.framework */; };
		EF9604B418AC318000E51248 /* InfoPlist.strings in Resources */ = {isa = PBXBuildFile; fileRef = EF9604B218AC318000E51248 /* InfoPlist.strings */; };
		EF9604B618AC318000E51248 /* main.m in Sources */ = {isa = PBXBuildFile; fileRef = EF9604B518AC318000E51248 /* main.m */; };
		EF9604BA18AC318000E51248 /* Assignment2AppDelegate.m in Sources */ = {isa = PBXBuildFile; fileRef = EF9604B918AC318000E51248 /* Assignment2AppDelegate.m */; };
		EF9604BD18AC318000E51248 /* Main.storyboard in Resources */ = {isa = PBXBuildFile; fileRef = EF9604BB18AC318000E51248 /* Main.storyboard */; };
		EF9604C018AC318000E51248 /* Assignment2ViewController.mm in Sources */ = {isa = PBXBuildFile; fileRef = EF9604BF18AC318000E51248 /* Assignment2ViewController.mm */; };
		EF9604C218AC318000E51248 /* Images.xcassets in Resources */ = {isa = PBXBuildFile; fileRef = EF9604C118AC318000E51248 /* Images.xcassets */; };
		EF9604C918AC318000E51248 /* XCTest.framework in Frameworks */ = {isa = PBXBuildFile; fileRef = EF9604C818AC318000E51248 /* XCTest.framework */; };
		EF9604CA18AC318000E51248 /* Foundation.framework in Frameworks */ = {isa = PBXBuildFile; fileRef = EF9604A918AC318000E51248 /* Foundation.framework */; };
		EF9604CB18AC318000E51248 /* UIKit.framework in Frameworks */ = {isa = PBXBuildFile; fileRef = EF9604AD18AC318000E51248 /* UIKit.framework */; };
		EF9604D318AC318000E51248 /* InfoPlist.strings in Resources */ = {isa = PBXBuildFile; fileRef = EF9604D118AC318000E51248 /* InfoPlist.strings */; };
		EF9604D518AC318000E51248 /* Assignment2Tests.m in Sources */ = {isa = PBXBuildFile; fileRef = EF9604D418AC318000E51248 /* Assignment2Tests.m */; };
		EF9604E618AC31FA00E51248 /* AudioFileReader.mm in Sources */ = {isa = PBXBuildFile; fileRef = EF9604DF18AC31FA00E51248 /* AudioFileReader.mm */; settings = {COMPILER_FLAGS = "-fno-objc-arc"; }; };
		EF9604E718AC31FA00E51248 /* AudioFileWriter.m in Sources */ = {isa = PBXBuildFile; fileRef = EF9604E118AC31FA00E51248 /* AudioFileWriter.m */; settings = {COMPILER_FLAGS = "-fno-objc-arc"; }; };
		EF9604E818AC31FA00E51248 /* Novocaine.m in Sources */ = {isa = PBXBuildFile; fileRef = EF9604E318AC31FA00E51248 /* Novocaine.m */; settings = {COMPILER_FLAGS = "-fno-objc-arc"; }; };
		EF9604E918AC31FA00E51248 /* RingBuffer.mm in Sources */ = {isa = PBXBuildFile; fileRef = EF9604E518AC31FA00E51248 /* RingBuffer.mm */; settings = {COMPILER_FLAGS = "-fno-objc-arc"; }; };
		EF9604F418AC33F300E51248 /* GLKit.framework in Frameworks */ = {isa = PBXBuildFile; fileRef = EF9604F318AC33F300E51248 /* GLKit.framework */; };
		EF9604F618AC35B100E51248 /* satisfaction.mp3 in Resources */ = {isa = PBXBuildFile; fileRef = EF9604F518AC35B100E51248 /* satisfaction.mp3 */; };
/* End PBXBuildFile section */

/* Begin PBXContainerItemProxy section */
		EF9604CC18AC318000E51248 /* PBXContainerItemProxy */ = {
			isa = PBXContainerItemProxy;
			containerPortal = EF96049E18AC318000E51248 /* Project object */;
			proxyType = 1;
			remoteGlobalIDString = EF9604A518AC318000E51248;
			remoteInfo = Assignment2;
		};
/* End PBXContainerItemProxy section */

/* Begin PBXFileReference section */
		EF9604A618AC318000E51248 /* Assignment2.app */ = {isa = PBXFileReference; explicitFileType = wrapper.application; includeInIndex = 0; path = Assignment2.app; sourceTree = BUILT_PRODUCTS_DIR; };
		EF9604A918AC318000E51248 /* Foundation.framework */ = {isa = PBXFileReference; lastKnownFileType = wrapper.framework; name = Foundation.framework; path = System/Library/Frameworks/Foundation.framework; sourceTree = SDKROOT; };
		EF9604AB18AC318000E51248 /* CoreGraphics.framework */ = {isa = PBXFileReference; lastKnownFileType = wrapper.framework; name = CoreGraphics.framework; path = System/Library/Frameworks/CoreGraphics.framework; sourceTree = SDKROOT; };
		EF9604AD18AC318000E51248 /* UIKit.framework */ = {isa = PBXFileReference; lastKnownFileType = wrapper.framework; name = UIKit.framework; path = System/Library/Frameworks/UIKit.framework; sourceTree = SDKROOT; };
		EF9604B118AC318000E51248 /* Assignment2-Info.plist */ = {isa = PBXFileReference; lastKnownFileType = text.plist.xml; path = "Assignment2-Info.plist"; sourceTree = "<group>"; };
		EF9604B318AC318000E51248 /* en */ = {isa = PBXFileReference; lastKnownFileType = text.plist.strings; name = en; path = en.lproj/InfoPlist.strings; sourceTree = "<group>"; };
		EF9604B518AC318000E51248 /* main.m */ = {isa = PBXFileReference; lastKnownFileType = sourcecode.c.objc; path = main.m; sourceTree = "<group>"; };
		EF9604B718AC318000E51248 /* Assignment2-Prefix.pch */ = {isa = PBXFileReference; lastKnownFileType = sourcecode.c.h; path = "Assignment2-Prefix.pch"; sourceTree = "<group>"; };
		EF9604B818AC318000E51248 /* Assignment2AppDelegate.h */ = {isa = PBXFileReference; lastKnownFileType = sourcecode.c.h; path = Assignment2AppDelegate.h; sourceTree = "<group>"; };
		EF9604B918AC318000E51248 /* Assignment2AppDelegate.m */ = {isa = PBXFileReference; lastKnownFileType = sourcecode.c.objc; path = Assignment2AppDelegate.m; sourceTree = "<group>"; };
		EF9604BC18AC318000E51248 /* Base */ = {isa = PBXFileReference; lastKnownFileType = file.storyboard; name = Base; path = Base.lproj/Main.storyboard; sourceTree = "<group>"; };
		EF9604BE18AC318000E51248 /* Assignment2ViewController.h */ = {isa = PBXFileReference; lastKnownFileType = sourcecode.c.h; path = Assignment2ViewController.h; sourceTree = "<group>"; };
		EF9604BF18AC318000E51248 /* Assignment2ViewController.mm */ = {isa = PBXFileReference; lastKnownFileType = sourcecode.cpp.objcpp; path = Assignment2ViewController.mm; sourceTree = "<group>"; };
		EF9604C118AC318000E51248 /* Images.xcassets */ = {isa = PBXFileReference; lastKnownFileType = folder.assetcatalog; path = Images.xcassets; sourceTree = "<group>"; };
		EF9604C718AC318000E51248 /* Assignment2Tests.xctest */ = {isa = PBXFileReference; explicitFileType = wrapper.cfbundle; includeInIndex = 0; path = Assignment2Tests.xctest; sourceTree = BUILT_PRODUCTS_DIR; };
		EF9604C818AC318000E51248 /* XCTest.framework */ = {isa = PBXFileReference; lastKnownFileType = wrapper.framework; name = XCTest.framework; path = Library/Frameworks/XCTest.framework; sourceTree = DEVELOPER_DIR; };
		EF9604D018AC318000E51248 /* Assignment2Tests-Info.plist */ = {isa = PBXFileReference; lastKnownFileType = text.plist.xml; path = "Assignment2Tests-Info.plist"; sourceTree = "<group>"; };
		EF9604D218AC318000E51248 /* en */ = {isa = PBXFileReference; lastKnownFileType = text.plist.strings; name = en; path = en.lproj/InfoPlist.strings; sourceTree = "<group>"; };
		EF9604D418AC318000E51248 /* Assignment2Tests.m */ = {isa = PBXFileReference; lastKnownFileType = sourcecode.c.objc; path = Assignment2Tests.m; sourceTree = "<group>"; };
		EF9604DE18AC31FA00E51248 /* AudioFileReader.h */ = {isa = PBXFileReference; fileEncoding = 4; lastKnownFileType = sourcecode.c.h; name = AudioFileReader.h; path = ../PlayRollingStones/AudioFileReader.h; sourceTree = "<group>"; };
		EF9604DF18AC31FA00E51248 /* AudioFileReader.mm */ = {isa = PBXFileReference; fileEncoding = 4; lastKnownFileType = sourcecode.cpp.objcpp; name = AudioFileReader.mm; path = ../PlayRollingStones/AudioFileReader.mm; sourceTree = "<group>"; };
		EF9604E018AC31FA00E51248 /* AudioFileWriter.h */ = {isa = PBXFileReference; fileEncoding = 4; lastKnownFileType = sourcecode.c.h; name = AudioFileWriter.h; path = ../PlayRollingStones/AudioFileWriter.h; sourceTree = "<group>"; };
		EF9604E118AC31FA00E51248 /* AudioFileWriter.m */ = {isa = PBXFileReference; fileEncoding = 4; lastKnownFileType = sourcecode.c.objc; name = AudioFileWriter.m; path = ../PlayRollingStones/AudioFileWriter.m; sourceTree = "<group>"; };
		EF9604E218AC31FA00E51248 /* Novocaine.h */ = {isa = PBXFileReference; fileEncoding = 4; lastKnownFileType = sourcecode.c.h; name = Novocaine.h; path = ../PlayRollingStones/Novocaine.h; sourceTree = "<group>"; };
		EF9604E318AC31FA00E51248 /* Novocaine.m */ = {isa = PBXFileReference; fileEncoding = 4; lastKnownFileType = sourcecode.c.objc; name = Novocaine.m; path = ../PlayRollingStones/Novocaine.m; sourceTree = "<group>"; };
		EF9604E418AC31FA00E51248 /* RingBuffer.h */ = {isa = PBXFileReference; fileEncoding = 4; lastKnownFileType = sourcecode.c.h; name = RingBuffer.h; path = ../PlayRollingStones/RingBuffer.h; sourceTree = "<group>"; };
		EF9604E518AC31FA00E51248 /* RingBuffer.mm */ = {isa = PBXFileReference; fileEncoding = 4; lastKnownFileType = sourcecode.cpp.objcpp; name = RingBuffer.mm; path = ../PlayRollingStones/RingBuffer.mm; sourceTree = "<group>"; };
		EF9604EF18AC334400E51248 /* SMUGraphHelper.h */ = {isa = PBXFileReference; fileEncoding = 4; lastKnownFileType = sourcecode.c.h; name = SMUGraphHelper.h; path = ../../PlayRollingStones/PlayRollingStones/SMUGraphHelper.h; sourceTree = "<group>"; };
		EF9604F018AC334400E51248 /* SMUFFTHelper.h */ = {isa = PBXFileReference; fileEncoding = 4; lastKnownFileType = sourcecode.c.h; name = SMUFFTHelper.h; path = ../../PlayRollingStones/PlayRollingStones/SMUFFTHelper.h; sourceTree = "<group>"; };
		EF9604F318AC33F300E51248 /* GLKit.framework */ = {isa = PBXFileReference; lastKnownFileType = wrapper.framework; name = GLKit.framework; path = System/Library/Frameworks/GLKit.framework; sourceTree = SDKROOT; };
		EF9604F518AC35B100E51248 /* satisfaction.mp3 */ = {isa = PBXFileReference; lastKnownFileType = audio.mp3; name = satisfaction.mp3; path = ../../PlayRollingStones/PlayRollingStones/satisfaction.mp3; sourceTree = "<group>"; };
/* End PBXFileReference section */

/* Begin PBXFrameworksBuildPhase section */
		EF9604A318AC318000E51248 /* Frameworks */ = {
			isa = PBXFrameworksBuildPhase;
			buildActionMask = 2147483647;
			files = (
				EF9604F418AC33F300E51248 /* GLKit.framework in Frameworks */,
				EF9604AC18AC318000E51248 /* CoreGraphics.framework in Frameworks */,
				EF9604AE18AC318000E51248 /* UIKit.framework in Frameworks */,
				EF9604AA18AC318000E51248 /* Foundation.framework in Frameworks */,
			);
			runOnlyForDeploymentPostprocessing = 0;
		};
		EF9604C418AC318000E51248 /* Frameworks */ = {
			isa = PBXFrameworksBuildPhase;
			buildActionMask = 2147483647;
			files = (
				EF9604C918AC318000E51248 /* XCTest.framework in Frameworks */,
				EF9604CB18AC318000E51248 /* UIKit.framework in Frameworks */,
				EF9604CA18AC318000E51248 /* Foundation.framework in Frameworks */,
			);
			runOnlyForDeploymentPostprocessing = 0;
		};
/* End PBXFrameworksBuildPhase section */

/* Begin PBXGroup section */
		EF96049D18AC318000E51248 = {
			isa = PBXGroup;
			children = (
				EF9604AF18AC318000E51248 /* Assignment2 */,
				EF9604CE18AC318000E51248 /* Assignment2Tests */,
				EF9604A818AC318000E51248 /* Frameworks */,
				EF9604A718AC318000E51248 /* Products */,
				EF9604EA18AC321000E51248 /* Novocaine */,
			);
			sourceTree = "<group>";
		};
		EF9604A718AC318000E51248 /* Products */ = {
			isa = PBXGroup;
			children = (
				EF9604A618AC318000E51248 /* Assignment2.app */,
				EF9604C718AC318000E51248 /* Assignment2Tests.xctest */,
			);
			name = Products;
			sourceTree = "<group>";
		};
		EF9604A818AC318000E51248 /* Frameworks */ = {
			isa = PBXGroup;
			children = (
				EF9604F318AC33F300E51248 /* GLKit.framework */,
				EF9604A918AC318000E51248 /* Foundation.framework */,
				EF9604AB18AC318000E51248 /* CoreGraphics.framework */,
				EF9604AD18AC318000E51248 /* UIKit.framework */,
				EF9604C818AC318000E51248 /* XCTest.framework */,
			);
			name = Frameworks;
			sourceTree = "<group>";
		};
		EF9604AF18AC318000E51248 /* Assignment2 */ = {
			isa = PBXGroup;
			children = (
				EF9604B818AC318000E51248 /* Assignment2AppDelegate.h */,
				EF9604B918AC318000E51248 /* Assignment2AppDelegate.m */,
				EF9604BB18AC318000E51248 /* Main.storyboard */,
				EF9604BE18AC318000E51248 /* Assignment2ViewController.h */,
				EF9604BF18AC318000E51248 /* Assignment2ViewController.mm */,
				EF9604EF18AC334400E51248 /* SMUGraphHelper.h */,
				EF9604F018AC334400E51248 /* SMUFFTHelper.h */,
				EF9604C118AC318000E51248 /* Images.xcassets */,
				EF9604B018AC318000E51248 /* Supporting Files */,
			);
			path = Assignment2;
			sourceTree = "<group>";
		};
		EF9604B018AC318000E51248 /* Supporting Files */ = {
			isa = PBXGroup;
			children = (
				EF9604F518AC35B100E51248 /* satisfaction.mp3 */,
				EF9604B118AC318000E51248 /* Assignment2-Info.plist */,
				EF9604B218AC318000E51248 /* InfoPlist.strings */,
				EF9604B518AC318000E51248 /* main.m */,
				EF9604B718AC318000E51248 /* Assignment2-Prefix.pch */,
			);
			name = "Supporting Files";
			sourceTree = "<group>";
		};
		EF9604CE18AC318000E51248 /* Assignment2Tests */ = {
			isa = PBXGroup;
			children = (
				EF9604D418AC318000E51248 /* Assignment2Tests.m */,
				EF9604CF18AC318000E51248 /* Supporting Files */,
			);
			path = Assignment2Tests;
			sourceTree = "<group>";
		};
		EF9604CF18AC318000E51248 /* Supporting Files */ = {
			isa = PBXGroup;
			children = (
				EF9604D018AC318000E51248 /* Assignment2Tests-Info.plist */,
				EF9604D118AC318000E51248 /* InfoPlist.strings */,
			);
			name = "Supporting Files";
			sourceTree = "<group>";
		};
		EF9604EA18AC321000E51248 /* Novocaine */ = {
			isa = PBXGroup;
			children = (
				EF9604DE18AC31FA00E51248 /* AudioFileReader.h */,
				EF9604DF18AC31FA00E51248 /* AudioFileReader.mm */,
				EF9604E018AC31FA00E51248 /* AudioFileWriter.h */,
				EF9604E118AC31FA00E51248 /* AudioFileWriter.m */,
				EF9604E218AC31FA00E51248 /* Novocaine.h */,
				EF9604E318AC31FA00E51248 /* Novocaine.m */,
				EF9604E418AC31FA00E51248 /* RingBuffer.h */,
				EF9604E518AC31FA00E51248 /* RingBuffer.mm */,
			);
			name = Novocaine;
			sourceTree = "<group>";
		};
/* End PBXGroup section */

/* Begin PBXNativeTarget section */
		EF9604A518AC318000E51248 /* Assignment2 */ = {
			isa = PBXNativeTarget;
			buildConfigurationList = EF9604D818AC318000E51248 /* Build configuration list for PBXNativeTarget "Assignment2" */;
			buildPhases = (
				EF9604A218AC318000E51248 /* Sources */,
				EF9604A318AC318000E51248 /* Frameworks */,
				EF9604A418AC318000E51248 /* Resources */,
			);
			buildRules = (
			);
			dependencies = (
			);
			name = Assignment2;
			productName = Assignment2;
			productReference = EF9604A618AC318000E51248 /* Assignment2.app */;
			productType = "com.apple.product-type.application";
		};
		EF9604C618AC318000E51248 /* Assignment2Tests */ = {
			isa = PBXNativeTarget;
			buildConfigurationList = EF9604DB18AC318000E51248 /* Build configuration list for PBXNativeTarget "Assignment2Tests" */;
			buildPhases = (
				EF9604C318AC318000E51248 /* Sources */,
				EF9604C418AC318000E51248 /* Frameworks */,
				EF9604C518AC318000E51248 /* Resources */,
			);
			buildRules = (
			);
			dependencies = (
				EF9604CD18AC318000E51248 /* PBXTargetDependency */,
			);
			name = Assignment2Tests;
			productName = Assignment2Tests;
			productReference = EF9604C718AC318000E51248 /* Assignment2Tests.xctest */;
			productType = "com.apple.product-type.bundle.unit-test";
		};
/* End PBXNativeTarget section */

/* Begin PBXProject section */
		EF96049E18AC318000E51248 /* Project object */ = {
			isa = PBXProject;
			attributes = {
				CLASSPREFIX = Assignment2;
				LastUpgradeCheck = 0500;
				ORGANIZATIONNAME = "ch484-mac7";
				TargetAttributes = {
					EF9604C618AC318000E51248 = {
						TestTargetID = EF9604A518AC318000E51248;
					};
				};
			};
			buildConfigurationList = EF9604A118AC318000E51248 /* Build configuration list for PBXProject "Assignment2" */;
			compatibilityVersion = "Xcode 3.2";
			developmentRegion = English;
			hasScannedForEncodings = 0;
			knownRegions = (
				en,
				Base,
			);
			mainGroup = EF96049D18AC318000E51248;
			productRefGroup = EF9604A718AC318000E51248 /* Products */;
			projectDirPath = "";
			projectRoot = "";
			targets = (
				EF9604A518AC318000E51248 /* Assignment2 */,
				EF9604C618AC318000E51248 /* Assignment2Tests */,
			);
		};
/* End PBXProject section */

/* Begin PBXResourcesBuildPhase section */
		EF9604A418AC318000E51248 /* Resources */ = {
			isa = PBXResourcesBuildPhase;
			buildActionMask = 2147483647;
			files = (
				EF9604C218AC318000E51248 /* Images.xcassets in Resources */,
				EF9604B418AC318000E51248 /* InfoPlist.strings in Resources */,
				EF9604F618AC35B100E51248 /* satisfaction.mp3 in Resources */,
				EF9604BD18AC318000E51248 /* Main.storyboard in Resources */,
			);
			runOnlyForDeploymentPostprocessing = 0;
		};
		EF9604C518AC318000E51248 /* Resources */ = {
			isa = PBXResourcesBuildPhase;
			buildActionMask = 2147483647;
			files = (
				EF9604D318AC318000E51248 /* InfoPlist.strings in Resources */,
			);
			runOnlyForDeploymentPostprocessing = 0;
		};
/* End PBXResourcesBuildPhase section */

/* Begin PBXSourcesBuildPhase section */
		EF9604A218AC318000E51248 /* Sources */ = {
			isa = PBXSourcesBuildPhase;
			buildActionMask = 2147483647;
			files = (
				EF9604C018AC318000E51248 /* Assignment2ViewController.mm in Sources */,
				EF9604BA18AC318000E51248 /* Assignment2AppDelegate.m in Sources */,
				EF9604E818AC31FA00E51248 /* Novocaine.m in Sources */,
				EF9604E918AC31FA00E51248 /* RingBuffer.mm in Sources */,
				EF9604E718AC31FA00E51248 /* AudioFileWriter.m in Sources */,
				EF9604B618AC318000E51248 /* main.m in Sources */,
				EF9604E618AC31FA00E51248 /* AudioFileReader.mm in Sources */,
			);
			runOnlyForDeploymentPostprocessing = 0;
		};
		EF9604C318AC318000E51248 /* Sources */ = {
			isa = PBXSourcesBuildPhase;
			buildActionMask = 2147483647;
			files = (
				EF9604D518AC318000E51248 /* Assignment2Tests.m in Sources */,
			);
			runOnlyForDeploymentPostprocessing = 0;
		};
/* End PBXSourcesBuildPhase section */

/* Begin PBXTargetDependency section */
		EF9604CD18AC318000E51248 /* PBXTargetDependency */ = {
			isa = PBXTargetDependency;
			target = EF9604A518AC318000E51248 /* Assignment2 */;
			targetProxy = EF9604CC18AC318000E51248 /* PBXContainerItemProxy */;
		};
/* End PBXTargetDependency section */

/* Begin PBXVariantGroup section */
		EF9604B218AC318000E51248 /* InfoPlist.strings */ = {
			isa = PBXVariantGroup;
			children = (
				EF9604B318AC318000E51248 /* en */,
			);
			name = InfoPlist.strings;
			sourceTree = "<group>";
		};
		EF9604BB18AC318000E51248 /* Main.storyboard */ = {
			isa = PBXVariantGroup;
			children = (
				EF9604BC18AC318000E51248 /* Base */,
			);
			name = Main.storyboard;
			sourceTree = "<group>";
		};
		EF9604D118AC318000E51248 /* InfoPlist.strings */ = {
			isa = PBXVariantGroup;
			children = (
				EF9604D218AC318000E51248 /* en */,
			);
			name = InfoPlist.strings;
			sourceTree = "<group>";
		};
/* End PBXVariantGroup section */

/* Begin XCBuildConfiguration section */
		EF9604D618AC318000E51248 /* Debug */ = {
			isa = XCBuildConfiguration;
			buildSettings = {
				ALWAYS_SEARCH_USER_PATHS = NO;
				ARCHS = "$(ARCHS_STANDARD_INCLUDING_64_BIT)";
				CLANG_CXX_LANGUAGE_STANDARD = "gnu++0x";
				CLANG_CXX_LIBRARY = "libc++";
				CLANG_ENABLE_MODULES = YES;
				CLANG_ENABLE_OBJC_ARC = YES;
				CLANG_WARN_BOOL_CONVERSION = YES;
				CLANG_WARN_CONSTANT_CONVERSION = YES;
				CLANG_WARN_DIRECT_OBJC_ISA_USAGE = YES_ERROR;
				CLANG_WARN_EMPTY_BODY = YES;
				CLANG_WARN_ENUM_CONVERSION = YES;
				CLANG_WARN_INT_CONVERSION = YES;
				CLANG_WARN_OBJC_ROOT_CLASS = YES_ERROR;
				CLANG_WARN__DUPLICATE_METHOD_MATCH = YES;
				"CODE_SIGN_IDENTITY[sdk=iphoneos*]" = "iPhone Developer";
				COPY_PHASE_STRIP = NO;
				GCC_C_LANGUAGE_STANDARD = gnu99;
				GCC_DYNAMIC_NO_PIC = NO;
				GCC_OPTIMIZATION_LEVEL = 0;
				GCC_PREPROCESSOR_DEFINITIONS = (
					"DEBUG=1",
					"$(inherited)",
				);
				GCC_SYMBOLS_PRIVATE_EXTERN = NO;
				GCC_WARN_64_TO_32_BIT_CONVERSION = YES;
				GCC_WARN_ABOUT_RETURN_TYPE = YES_ERROR;
				GCC_WARN_UNDECLARED_SELECTOR = YES;
				GCC_WARN_UNINITIALIZED_AUTOS = YES;
				GCC_WARN_UNUSED_FUNCTION = YES;
				GCC_WARN_UNUSED_VARIABLE = YES;
				IPHONEOS_DEPLOYMENT_TARGET = 7.0;
				ONLY_ACTIVE_ARCH = YES;
				SDKROOT = iphoneos;
			};
			name = Debug;
		};
		EF9604D718AC318000E51248 /* Release */ = {
			isa = XCBuildConfiguration;
			buildSettings = {
				ALWAYS_SEARCH_USER_PATHS = NO;
				ARCHS = "$(ARCHS_STANDARD_INCLUDING_64_BIT)";
				CLANG_CXX_LANGUAGE_STANDARD = "gnu++0x";
				CLANG_CXX_LIBRARY = "libc++";
				CLANG_ENABLE_MODULES = YES;
				CLANG_ENABLE_OBJC_ARC = YES;
				CLANG_WARN_BOOL_CONVERSION = YES;
				CLANG_WARN_CONSTANT_CONVERSION = YES;
				CLANG_WARN_DIRECT_OBJC_ISA_USAGE = YES_ERROR;
				CLANG_WARN_EMPTY_BODY = YES;
				CLANG_WARN_ENUM_CONVERSION = YES;
				CLANG_WARN_INT_CONVERSION = YES;
				CLANG_WARN_OBJC_ROOT_CLASS = YES_ERROR;
				CLANG_WARN__DUPLICATE_METHOD_MATCH = YES;
				"CODE_SIGN_IDENTITY[sdk=iphoneos*]" = "iPhone Developer";
				COPY_PHASE_STRIP = YES;
				ENABLE_NS_ASSERTIONS = NO;
				GCC_C_LANGUAGE_STANDARD = gnu99;
				GCC_WARN_64_TO_32_BIT_CONVERSION = YES;
				GCC_WARN_ABOUT_RETURN_TYPE = YES_ERROR;
				GCC_WARN_UNDECLARED_SELECTOR = YES;
				GCC_WARN_UNINITIALIZED_AUTOS = YES;
				GCC_WARN_UNUSED_FUNCTION = YES;
				GCC_WARN_UNUSED_VARIABLE = YES;
				IPHONEOS_DEPLOYMENT_TARGET = 7.0;
				SDKROOT = iphoneos;
				VALIDATE_PRODUCT = YES;
			};
			name = Release;
		};
		EF9604D918AC318000E51248 /* Debug */ = {
			isa = XCBuildConfiguration;
			buildSettings = {
				ASSETCATALOG_COMPILER_APPICON_NAME = AppIcon;
				ASSETCATALOG_COMPILER_LAUNCHIMAGE_NAME = LaunchImage;
				GCC_PRECOMPILE_PREFIX_HEADER = YES;
				GCC_PREFIX_HEADER = "Assignment2/Assignment2-Prefix.pch";
				INFOPLIST_FILE = "Assignment2/Assignment2-Info.plist";
				PRODUCT_NAME = "$(TARGET_NAME)";
				WRAPPER_EXTENSION = app;
			};
			name = Debug;
		};
		EF9604DA18AC318000E51248 /* Release */ = {
			isa = XCBuildConfiguration;
			buildSettings = {
				ASSETCATALOG_COMPILER_APPICON_NAME = AppIcon;
				ASSETCATALOG_COMPILER_LAUNCHIMAGE_NAME = LaunchImage;
				GCC_PRECOMPILE_PREFIX_HEADER = YES;
				GCC_PREFIX_HEADER = "Assignment2/Assignment2-Prefix.pch";
				INFOPLIST_FILE = "Assignment2/Assignment2-Info.plist";
				PRODUCT_NAME = "$(TARGET_NAME)";
				WRAPPER_EXTENSION = app;
			};
			name = Release;
		};
		EF9604DC18AC318000E51248 /* Debug */ = {
			isa = XCBuildConfiguration;
			buildSettings = {
				ARCHS = "$(ARCHS_STANDARD_INCLUDING_64_BIT)";
				BUNDLE_LOADER = "$(BUILT_PRODUCTS_DIR)/Assignment2.app/Assignment2";
				FRAMEWORK_SEARCH_PATHS = (
					"$(SDKROOT)/Developer/Library/Frameworks",
					"$(inherited)",
					"$(DEVELOPER_FRAMEWORKS_DIR)",
				);
				GCC_PRECOMPILE_PREFIX_HEADER = YES;
				GCC_PREFIX_HEADER = "Assignment2/Assignment2-Prefix.pch";
				GCC_PREPROCESSOR_DEFINITIONS = (
					"DEBUG=1",
					"$(inherited)",
				);
				INFOPLIST_FILE = "Assignment2Tests/Assignment2Tests-Info.plist";
				PRODUCT_NAME = "$(TARGET_NAME)";
				TEST_HOST = "$(BUNDLE_LOADER)";
				WRAPPER_EXTENSION = xctest;
			};
			name = Debug;
		};
		EF9604DD18AC318000E51248 /* Release */ = {
			isa = XCBuildConfiguration;
			buildSettings = {
				ARCHS = "$(ARCHS_STANDARD_INCLUDING_64_BIT)";
				BUNDLE_LOADER = "$(BUILT_PRODUCTS_DIR)/Assignment2.app/Assignment2";
				FRAMEWORK_SEARCH_PATHS = (
					"$(SDKROOT)/Developer/Library/Frameworks",
					"$(inherited)",
					"$(DEVELOPER_FRAMEWORKS_DIR)",
				);
				GCC_PRECOMPILE_PREFIX_HEADER = YES;
				GCC_PREFIX_HEADER = "Assignment2/Assignment2-Prefix.pch";
				INFOPLIST_FILE = "Assignment2Tests/Assignment2Tests-Info.plist";
				PRODUCT_NAME = "$(TARGET_NAME)";
				TEST_HOST = "$(BUNDLE_LOADER)";
				WRAPPER_EXTENSION = xctest;
			};
			name = Release;
		};
/* End XCBuildConfiguration section */

/* Begin XCConfigurationList section */
		EF9604A118AC318000E51248 /* Build configuration list for PBXProject "Assignment2" */ = {
			isa = XCConfigurationList;
			buildConfigurations = (
				EF9604D618AC318000E51248 /* Debug */,
				EF9604D718AC318000E51248 /* Release */,
			);
			defaultConfigurationIsVisible = 0;
			defaultConfigurationName = Release;
		};
		EF9604D818AC318000E51248 /* Build configuration list for PBXNativeTarget "Assignment2" */ = {
			isa = XCConfigurationList;
			buildConfigurations = (
				EF9604D918AC318000E51248 /* Debug */,
				EF9604DA18AC318000E51248 /* Release */,
			);
			defaultConfigurationIsVisible = 0;
		};
		EF9604DB18AC318000E51248 /* Build configuration list for PBXNativeTarget "Assignment2Tests" */ = {
			isa = XCConfigurationList;
			buildConfigurations = (
				EF9604DC18AC318000E51248 /* Debug */,
				EF9604DD18AC318000E51248 /* Release */,
			);
			defaultConfigurationIsVisible = 0;
		};
/* End XCConfigurationList section */
	};
	rootObject = EF96049E18AC318000E51248 /* Project object */;
}
