// !$*UTF8*$!
{
	archiveVersion = 1;
	classes = {
	};
	objectVersion = 46;
	objects = {

/* Begin PBXBuildFile section */
		994F69FD1899BFC1007A4C9B /* Foundation.framework in Frameworks */ = {isa = PBXBuildFile; fileRef = 994F69FC1899BFC1007A4C9B /* Foundation.framework */; };
		994F69FF1899BFC1007A4C9B /* CoreGraphics.framework in Frameworks */ = {isa = PBXBuildFile; fileRef = 994F69FE1899BFC1007A4C9B /* CoreGraphics.framework */; };
		994F6A011899BFC1007A4C9B /* UIKit.framework in Frameworks */ = {isa = PBXBuildFile; fileRef = 994F6A001899BFC1007A4C9B /* UIKit.framework */; };
		994F6A071899BFC1007A4C9B /* InfoPlist.strings in Resources */ = {isa = PBXBuildFile; fileRef = 994F6A051899BFC1007A4C9B /* InfoPlist.strings */; };
		994F6A091899BFC1007A4C9B /* main.m in Sources */ = {isa = PBXBuildFile; fileRef = 994F6A081899BFC1007A4C9B /* main.m */; };
		994F6A0D1899BFC1007A4C9B /* Assignment1AppDelegate.m in Sources */ = {isa = PBXBuildFile; fileRef = 994F6A0C1899BFC1007A4C9B /* Assignment1AppDelegate.m */; };
		994F6A101899BFC1007A4C9B /* Main.storyboard in Resources */ = {isa = PBXBuildFile; fileRef = 994F6A0E1899BFC1007A4C9B /* Main.storyboard */; };
		994F6A131899BFC1007A4C9B /* Assignment1ViewController.m in Sources */ = {isa = PBXBuildFile; fileRef = 994F6A121899BFC1007A4C9B /* Assignment1ViewController.m */; };
		994F6A1C1899BFC1007A4C9B /* XCTest.framework in Frameworks */ = {isa = PBXBuildFile; fileRef = 994F6A1B1899BFC1007A4C9B /* XCTest.framework */; };
		994F6A1D1899BFC1007A4C9B /* Foundation.framework in Frameworks */ = {isa = PBXBuildFile; fileRef = 994F69FC1899BFC1007A4C9B /* Foundation.framework */; };
		994F6A1E1899BFC1007A4C9B /* UIKit.framework in Frameworks */ = {isa = PBXBuildFile; fileRef = 994F6A001899BFC1007A4C9B /* UIKit.framework */; };
		994F6A261899BFC1007A4C9B /* InfoPlist.strings in Resources */ = {isa = PBXBuildFile; fileRef = 994F6A241899BFC1007A4C9B /* InfoPlist.strings */; };
		994F6A281899BFC1007A4C9B /* Assignment1Tests.m in Sources */ = {isa = PBXBuildFile; fileRef = 994F6A271899BFC1007A4C9B /* Assignment1Tests.m */; };
		994F6A331899C1D6007A4C9B /* MasterTableViewController.m in Sources */ = {isa = PBXBuildFile; fileRef = 994F6A321899C1D6007A4C9B /* MasterTableViewController.m */; };
		994F6A3F1899CF04007A4C9B /* Assignment1RootViewController.m in Sources */ = {isa = PBXBuildFile; fileRef = 994F6A3E1899CF04007A4C9B /* Assignment1RootViewController.m */; };
		995FA1C818A19BF400BBA8EB /* Assignment1ImageViewController.m in Sources */ = {isa = PBXBuildFile; fileRef = 995FA1C718A19BF400BBA8EB /* Assignment1ImageViewController.m */; };
		995FA1D218A1BE2200BBA8EB /* Images.xcassets in Resources */ = {isa = PBXBuildFile; fileRef = 995FA1D118A1BE2200BBA8EB /* Images.xcassets */; };
		995FA1DA18A1C32100BBA8EB /* FavoriteWordsModel.xcdatamodeld in Sources */ = {isa = PBXBuildFile; fileRef = 995FA1D818A1C32100BBA8EB /* FavoriteWordsModel.xcdatamodeld */; };
		995FA1DD18A1C36500BBA8EB /* FavoriteWord.m in Sources */ = {isa = PBXBuildFile; fileRef = 995FA1DC18A1C36500BBA8EB /* FavoriteWord.m */; };
		995FA1E018A1C88500BBA8EB /* Assignment1AddFavoriteWordController.m in Sources */ = {isa = PBXBuildFile; fileRef = 995FA1DF18A1C88500BBA8EB /* Assignment1AddFavoriteWordController.m */; };
		995FA1E318A1CDCF00BBA8EB /* Assignment1FavoriteWordsViewController.m in Sources */ = {isa = PBXBuildFile; fileRef = 995FA1E218A1CDCF00BBA8EB /* Assignment1FavoriteWordsViewController.m */; };
		99A03DF018A2FB72001869F8 /* Assignment1ProgrammaticViewController.m in Sources */ = {isa = PBXBuildFile; fileRef = 99A03DEF18A2FB72001869F8 /* Assignment1ProgrammaticViewController.m */; };
		99A03DF318A306B4001869F8 /* Assignment1StoryboardViewController.m in Sources */ = {isa = PBXBuildFile; fileRef = 99A03DF218A306B4001869F8 /* Assignment1StoryboardViewController.m */; };
/* End PBXBuildFile section */

/* Begin PBXContainerItemProxy section */
		994F6A1F1899BFC1007A4C9B /* PBXContainerItemProxy */ = {
			isa = PBXContainerItemProxy;
			containerPortal = 994F69F11899BFC1007A4C9B /* Project object */;
			proxyType = 1;
			remoteGlobalIDString = 994F69F81899BFC1007A4C9B;
			remoteInfo = Assignment1;
		};
/* End PBXContainerItemProxy section */

/* Begin PBXFileReference section */
		994F69F91899BFC1007A4C9B /* Assignment1.app */ = {isa = PBXFileReference; explicitFileType = wrapper.application; includeInIndex = 0; path = Assignment1.app; sourceTree = BUILT_PRODUCTS_DIR; };
		994F69FC1899BFC1007A4C9B /* Foundation.framework */ = {isa = PBXFileReference; lastKnownFileType = wrapper.framework; name = Foundation.framework; path = System/Library/Frameworks/Foundation.framework; sourceTree = SDKROOT; };
		994F69FE1899BFC1007A4C9B /* CoreGraphics.framework */ = {isa = PBXFileReference; lastKnownFileType = wrapper.framework; name = CoreGraphics.framework; path = System/Library/Frameworks/CoreGraphics.framework; sourceTree = SDKROOT; };
		994F6A001899BFC1007A4C9B /* UIKit.framework */ = {isa = PBXFileReference; lastKnownFileType = wrapper.framework; name = UIKit.framework; path = System/Library/Frameworks/UIKit.framework; sourceTree = SDKROOT; };
		994F6A041899BFC1007A4C9B /* Assignment1-Info.plist */ = {isa = PBXFileReference; lastKnownFileType = text.plist.xml; path = "Assignment1-Info.plist"; sourceTree = "<group>"; };
		994F6A061899BFC1007A4C9B /* en */ = {isa = PBXFileReference; lastKnownFileType = text.plist.strings; name = en; path = en.lproj/InfoPlist.strings; sourceTree = "<group>"; };
		994F6A081899BFC1007A4C9B /* main.m */ = {isa = PBXFileReference; lastKnownFileType = sourcecode.c.objc; path = main.m; sourceTree = "<group>"; };
		994F6A0A1899BFC1007A4C9B /* Assignment1-Prefix.pch */ = {isa = PBXFileReference; lastKnownFileType = sourcecode.c.h; path = "Assignment1-Prefix.pch"; sourceTree = "<group>"; };
		994F6A0B1899BFC1007A4C9B /* Assignment1AppDelegate.h */ = {isa = PBXFileReference; lastKnownFileType = sourcecode.c.h; path = Assignment1AppDelegate.h; sourceTree = "<group>"; };
		994F6A0C1899BFC1007A4C9B /* Assignment1AppDelegate.m */ = {isa = PBXFileReference; lastKnownFileType = sourcecode.c.objc; path = Assignment1AppDelegate.m; sourceTree = "<group>"; };
		994F6A0F1899BFC1007A4C9B /* Base */ = {isa = PBXFileReference; lastKnownFileType = file.storyboard; name = Base; path = Base.lproj/Main.storyboard; sourceTree = "<group>"; };
		994F6A111899BFC1007A4C9B /* Assignment1ViewController.h */ = {isa = PBXFileReference; lastKnownFileType = sourcecode.c.h; path = Assignment1ViewController.h; sourceTree = "<group>"; };
		994F6A121899BFC1007A4C9B /* Assignment1ViewController.m */ = {isa = PBXFileReference; lastKnownFileType = sourcecode.c.objc; path = Assignment1ViewController.m; sourceTree = "<group>"; };
		994F6A1A1899BFC1007A4C9B /* Assignment1Tests.xctest */ = {isa = PBXFileReference; explicitFileType = wrapper.cfbundle; includeInIndex = 0; path = Assignment1Tests.xctest; sourceTree = BUILT_PRODUCTS_DIR; };
		994F6A1B1899BFC1007A4C9B /* XCTest.framework */ = {isa = PBXFileReference; lastKnownFileType = wrapper.framework; name = XCTest.framework; path = Library/Frameworks/XCTest.framework; sourceTree = DEVELOPER_DIR; };
		994F6A231899BFC1007A4C9B /* Assignment1Tests-Info.plist */ = {isa = PBXFileReference; lastKnownFileType = text.plist.xml; path = "Assignment1Tests-Info.plist"; sourceTree = "<group>"; };
		994F6A251899BFC1007A4C9B /* en */ = {isa = PBXFileReference; lastKnownFileType = text.plist.strings; name = en; path = en.lproj/InfoPlist.strings; sourceTree = "<group>"; };
		994F6A271899BFC1007A4C9B /* Assignment1Tests.m */ = {isa = PBXFileReference; lastKnownFileType = sourcecode.c.objc; path = Assignment1Tests.m; sourceTree = "<group>"; };
		994F6A311899C1D6007A4C9B /* MasterTableViewController.h */ = {isa = PBXFileReference; fileEncoding = 4; lastKnownFileType = sourcecode.c.h; path = MasterTableViewController.h; sourceTree = "<group>"; };
		994F6A321899C1D6007A4C9B /* MasterTableViewController.m */ = {isa = PBXFileReference; fileEncoding = 4; lastKnownFileType = sourcecode.c.objc; path = MasterTableViewController.m; sourceTree = "<group>"; };
		994F6A3D1899CF04007A4C9B /* Assignment1RootViewController.h */ = {isa = PBXFileReference; fileEncoding = 4; lastKnownFileType = sourcecode.c.h; path = Assignment1RootViewController.h; sourceTree = "<group>"; };
		994F6A3E1899CF04007A4C9B /* Assignment1RootViewController.m */ = {isa = PBXFileReference; fileEncoding = 4; lastKnownFileType = sourcecode.c.objc; path = Assignment1RootViewController.m; sourceTree = "<group>"; };
		995FA1C618A19BF400BBA8EB /* Assignment1ImageViewController.h */ = {isa = PBXFileReference; fileEncoding = 4; lastKnownFileType = sourcecode.c.h; path = Assignment1ImageViewController.h; sourceTree = "<group>"; };
		995FA1C718A19BF400BBA8EB /* Assignment1ImageViewController.m */ = {isa = PBXFileReference; fileEncoding = 4; lastKnownFileType = sourcecode.c.objc; path = Assignment1ImageViewController.m; sourceTree = "<group>"; };
		995FA1D118A1BE2200BBA8EB /* Images.xcassets */ = {isa = PBXFileReference; lastKnownFileType = folder.assetcatalog; path = Images.xcassets; sourceTree = "<group>"; };
		995FA1D918A1C32100BBA8EB /* FavoriteWordsModel.xcdatamodel */ = {isa = PBXFileReference; lastKnownFileType = wrapper.xcdatamodel; path = FavoriteWordsModel.xcdatamodel; sourceTree = "<group>"; };
		995FA1DB18A1C36500BBA8EB /* FavoriteWord.h */ = {isa = PBXFileReference; fileEncoding = 4; lastKnownFileType = sourcecode.c.h; path = FavoriteWord.h; sourceTree = "<group>"; };
		995FA1DC18A1C36500BBA8EB /* FavoriteWord.m */ = {isa = PBXFileReference; fileEncoding = 4; lastKnownFileType = sourcecode.c.objc; path = FavoriteWord.m; sourceTree = "<group>"; };
		995FA1DE18A1C88500BBA8EB /* Assignment1AddFavoriteWordController.h */ = {isa = PBXFileReference; fileEncoding = 4; lastKnownFileType = sourcecode.c.h; path = Assignment1AddFavoriteWordController.h; sourceTree = "<group>"; };
		995FA1DF18A1C88500BBA8EB /* Assignment1AddFavoriteWordController.m */ = {isa = PBXFileReference; fileEncoding = 4; lastKnownFileType = sourcecode.c.objc; path = Assignment1AddFavoriteWordController.m; sourceTree = "<group>"; };
		995FA1E118A1CDCF00BBA8EB /* Assignment1FavoriteWordsViewController.h */ = {isa = PBXFileReference; fileEncoding = 4; lastKnownFileType = sourcecode.c.h; path = Assignment1FavoriteWordsViewController.h; sourceTree = "<group>"; };
		995FA1E218A1CDCF00BBA8EB /* Assignment1FavoriteWordsViewController.m */ = {isa = PBXFileReference; fileEncoding = 4; lastKnownFileType = sourcecode.c.objc; path = Assignment1FavoriteWordsViewController.m; sourceTree = "<group>"; };
		99A03DEE18A2FB72001869F8 /* Assignment1ProgrammaticViewController.h */ = {isa = PBXFileReference; fileEncoding = 4; lastKnownFileType = sourcecode.c.h; path = Assignment1ProgrammaticViewController.h; sourceTree = "<group>"; };
		99A03DEF18A2FB72001869F8 /* Assignment1ProgrammaticViewController.m */ = {isa = PBXFileReference; fileEncoding = 4; lastKnownFileType = sourcecode.c.objc; path = Assignment1ProgrammaticViewController.m; sourceTree = "<group>"; };
		99A03DF118A306B4001869F8 /* Assignment1StoryboardViewController.h */ = {isa = PBXFileReference; fileEncoding = 4; lastKnownFileType = sourcecode.c.h; path = Assignment1StoryboardViewController.h; sourceTree = "<group>"; };
		99A03DF218A306B4001869F8 /* Assignment1StoryboardViewController.m */ = {isa = PBXFileReference; fileEncoding = 4; lastKnownFileType = sourcecode.c.objc; path = Assignment1StoryboardViewController.m; sourceTree = "<group>"; };
/* End PBXFileReference section */

/* Begin PBXFrameworksBuildPhase section */
		994F69F61899BFC1007A4C9B /* Frameworks */ = {
			isa = PBXFrameworksBuildPhase;
			buildActionMask = 2147483647;
			files = (
				994F69FF1899BFC1007A4C9B /* CoreGraphics.framework in Frameworks */,
				994F6A011899BFC1007A4C9B /* UIKit.framework in Frameworks */,
				994F69FD1899BFC1007A4C9B /* Foundation.framework in Frameworks */,
			);
			runOnlyForDeploymentPostprocessing = 0;
		};
		994F6A171899BFC1007A4C9B /* Frameworks */ = {
			isa = PBXFrameworksBuildPhase;
			buildActionMask = 2147483647;
			files = (
				994F6A1C1899BFC1007A4C9B /* XCTest.framework in Frameworks */,
				994F6A1E1899BFC1007A4C9B /* UIKit.framework in Frameworks */,
				994F6A1D1899BFC1007A4C9B /* Foundation.framework in Frameworks */,
			);
			runOnlyForDeploymentPostprocessing = 0;
		};
/* End PBXFrameworksBuildPhase section */

/* Begin PBXGroup section */
		994F69F01899BFC1007A4C9B = {
			isa = PBXGroup;
			children = (
				994F6A021899BFC1007A4C9B /* Assignment1 */,
				994F6A211899BFC1007A4C9B /* Assignment1Tests */,
				994F69FB1899BFC1007A4C9B /* Frameworks */,
				994F69FA1899BFC1007A4C9B /* Products */,
			);
			sourceTree = "<group>";
		};
		994F69FA1899BFC1007A4C9B /* Products */ = {
			isa = PBXGroup;
			children = (
				994F69F91899BFC1007A4C9B /* Assignment1.app */,
				994F6A1A1899BFC1007A4C9B /* Assignment1Tests.xctest */,
			);
			name = Products;
			sourceTree = "<group>";
		};
		994F69FB1899BFC1007A4C9B /* Frameworks */ = {
			isa = PBXGroup;
			children = (
				994F69FC1899BFC1007A4C9B /* Foundation.framework */,
				994F69FE1899BFC1007A4C9B /* CoreGraphics.framework */,
				994F6A001899BFC1007A4C9B /* UIKit.framework */,
				994F6A1B1899BFC1007A4C9B /* XCTest.framework */,
			);
			name = Frameworks;
			sourceTree = "<group>";
		};
		994F6A021899BFC1007A4C9B /* Assignment1 */ = {
			isa = PBXGroup;
			children = (
				994F6A0B1899BFC1007A4C9B /* Assignment1AppDelegate.h */,
				994F6A0C1899BFC1007A4C9B /* Assignment1AppDelegate.m */,
				995FA1D418A1C24900BBA8EB /* Models */,
				995FA1D318A1C21E00BBA8EB /* Controllers */,
				994F6A0E1899BFC1007A4C9B /* Main.storyboard */,
				995FA1D118A1BE2200BBA8EB /* Images.xcassets */,
				994F6A031899BFC1007A4C9B /* Supporting Files */,
			);
			path = Assignment1;
			sourceTree = "<group>";
		};
		994F6A031899BFC1007A4C9B /* Supporting Files */ = {
			isa = PBXGroup;
			children = (
				994F6A041899BFC1007A4C9B /* Assignment1-Info.plist */,
				994F6A051899BFC1007A4C9B /* InfoPlist.strings */,
				994F6A081899BFC1007A4C9B /* main.m */,
				994F6A0A1899BFC1007A4C9B /* Assignment1-Prefix.pch */,
			);
			name = "Supporting Files";
			sourceTree = "<group>";
		};
		994F6A211899BFC1007A4C9B /* Assignment1Tests */ = {
			isa = PBXGroup;
			children = (
				994F6A271899BFC1007A4C9B /* Assignment1Tests.m */,
				994F6A221899BFC1007A4C9B /* Supporting Files */,
			);
			path = Assignment1Tests;
			sourceTree = "<group>";
		};
		994F6A221899BFC1007A4C9B /* Supporting Files */ = {
			isa = PBXGroup;
			children = (
				994F6A231899BFC1007A4C9B /* Assignment1Tests-Info.plist */,
				994F6A241899BFC1007A4C9B /* InfoPlist.strings */,
			);
			name = "Supporting Files";
			sourceTree = "<group>";
		};
		995FA1D318A1C21E00BBA8EB /* Controllers */ = {
			isa = PBXGroup;
			children = (
				994F6A111899BFC1007A4C9B /* Assignment1ViewController.h */,
				994F6A121899BFC1007A4C9B /* Assignment1ViewController.m */,
				995FA1C618A19BF400BBA8EB /* Assignment1ImageViewController.h */,
				995FA1C718A19BF400BBA8EB /* Assignment1ImageViewController.m */,
				994F6A3D1899CF04007A4C9B /* Assignment1RootViewController.h */,
				994F6A3E1899CF04007A4C9B /* Assignment1RootViewController.m */,
				994F6A311899C1D6007A4C9B /* MasterTableViewController.h */,
				994F6A321899C1D6007A4C9B /* MasterTableViewController.m */,
				995FA1DE18A1C88500BBA8EB /* Assignment1AddFavoriteWordController.h */,
				995FA1DF18A1C88500BBA8EB /* Assignment1AddFavoriteWordController.m */,
				995FA1E118A1CDCF00BBA8EB /* Assignment1FavoriteWordsViewController.h */,
				995FA1E218A1CDCF00BBA8EB /* Assignment1FavoriteWordsViewController.m */,
				99A03DEE18A2FB72001869F8 /* Assignment1ProgrammaticViewController.h */,
				99A03DEF18A2FB72001869F8 /* Assignment1ProgrammaticViewController.m */,
				99A03DF118A306B4001869F8 /* Assignment1StoryboardViewController.h */,
				99A03DF218A306B4001869F8 /* Assignment1StoryboardViewController.m */,
			);
			name = Controllers;
			sourceTree = "<group>";
		};
		995FA1D418A1C24900BBA8EB /* Models */ = {
			isa = PBXGroup;
			children = (
				995FA1D818A1C32100BBA8EB /* FavoriteWordsModel.xcdatamodeld */,
				995FA1DB18A1C36500BBA8EB /* FavoriteWord.h */,
				995FA1DC18A1C36500BBA8EB /* FavoriteWord.m */,
			);
			name = Models;
			sourceTree = "<group>";
		};
/* End PBXGroup section */

/* Begin PBXNativeTarget section */
		994F69F81899BFC1007A4C9B /* Assignment1 */ = {
			isa = PBXNativeTarget;
			buildConfigurationList = 994F6A2B1899BFC1007A4C9B /* Build configuration list for PBXNativeTarget "Assignment1" */;
			buildPhases = (
				994F69F51899BFC1007A4C9B /* Sources */,
				994F69F61899BFC1007A4C9B /* Frameworks */,
				994F69F71899BFC1007A4C9B /* Resources */,
			);
			buildRules = (
			);
			dependencies = (
			);
			name = Assignment1;
			productName = Assignment1;
			productReference = 994F69F91899BFC1007A4C9B /* Assignment1.app */;
			productType = "com.apple.product-type.application";
		};
		994F6A191899BFC1007A4C9B /* Assignment1Tests */ = {
			isa = PBXNativeTarget;
			buildConfigurationList = 994F6A2E1899BFC1007A4C9B /* Build configuration list for PBXNativeTarget "Assignment1Tests" */;
			buildPhases = (
				994F6A161899BFC1007A4C9B /* Sources */,
				994F6A171899BFC1007A4C9B /* Frameworks */,
				994F6A181899BFC1007A4C9B /* Resources */,
			);
			buildRules = (
			);
			dependencies = (
				994F6A201899BFC1007A4C9B /* PBXTargetDependency */,
			);
			name = Assignment1Tests;
			productName = Assignment1Tests;
			productReference = 994F6A1A1899BFC1007A4C9B /* Assignment1Tests.xctest */;
			productType = "com.apple.product-type.bundle.unit-test";
		};
/* End PBXNativeTarget section */

/* Begin PBXProject section */
		994F69F11899BFC1007A4C9B /* Project object */ = {
			isa = PBXProject;
			attributes = {
				CLASSPREFIX = Assignment1;
				LastUpgradeCheck = 0500;
				ORGANIZATIONNAME = "Team Team";
				TargetAttributes = {
					994F6A191899BFC1007A4C9B = {
						TestTargetID = 994F69F81899BFC1007A4C9B;
					};
				};
			};
			buildConfigurationList = 994F69F41899BFC1007A4C9B /* Build configuration list for PBXProject "Assignment1" */;
			compatibilityVersion = "Xcode 3.2";
			developmentRegion = English;
			hasScannedForEncodings = 0;
			knownRegions = (
				en,
				Base,
			);
			mainGroup = 994F69F01899BFC1007A4C9B;
			productRefGroup = 994F69FA1899BFC1007A4C9B /* Products */;
			projectDirPath = "";
			projectRoot = "";
			targets = (
				994F69F81899BFC1007A4C9B /* Assignment1 */,
				994F6A191899BFC1007A4C9B /* Assignment1Tests */,
			);
		};
/* End PBXProject section */

/* Begin PBXResourcesBuildPhase section */
		994F69F71899BFC1007A4C9B /* Resources */ = {
			isa = PBXResourcesBuildPhase;
			buildActionMask = 2147483647;
			files = (
				995FA1D218A1BE2200BBA8EB /* Images.xcassets in Resources */,
				994F6A071899BFC1007A4C9B /* InfoPlist.strings in Resources */,
				994F6A101899BFC1007A4C9B /* Main.storyboard in Resources */,
			);
			runOnlyForDeploymentPostprocessing = 0;
		};
		994F6A181899BFC1007A4C9B /* Resources */ = {
			isa = PBXResourcesBuildPhase;
			buildActionMask = 2147483647;
			files = (
				994F6A261899BFC1007A4C9B /* InfoPlist.strings in Resources */,
			);
			runOnlyForDeploymentPostprocessing = 0;
		};
/* End PBXResourcesBuildPhase section */

/* Begin PBXSourcesBuildPhase section */
		994F69F51899BFC1007A4C9B /* Sources */ = {
			isa = PBXSourcesBuildPhase;
			buildActionMask = 2147483647;
			files = (
				994F6A091899BFC1007A4C9B /* main.m in Sources */,
				995FA1E318A1CDCF00BBA8EB /* Assignment1FavoriteWordsViewController.m in Sources */,
				99A03DF318A306B4001869F8 /* Assignment1StoryboardViewController.m in Sources */,
				994F6A331899C1D6007A4C9B /* MasterTableViewController.m in Sources */,
				995FA1DA18A1C32100BBA8EB /* FavoriteWordsModel.xcdatamodeld in Sources */,
				99A03DF018A2FB72001869F8 /* Assignment1ProgrammaticViewController.m in Sources */,
				995FA1C818A19BF400BBA8EB /* Assignment1ImageViewController.m in Sources */,
				994F6A131899BFC1007A4C9B /* Assignment1ViewController.m in Sources */,
				995FA1E018A1C88500BBA8EB /* Assignment1AddFavoriteWordController.m in Sources */,
				995FA1DD18A1C36500BBA8EB /* FavoriteWord.m in Sources */,
				994F6A3F1899CF04007A4C9B /* Assignment1RootViewController.m in Sources */,
				994F6A0D1899BFC1007A4C9B /* Assignment1AppDelegate.m in Sources */,
			);
			runOnlyForDeploymentPostprocessing = 0;
		};
		994F6A161899BFC1007A4C9B /* Sources */ = {
			isa = PBXSourcesBuildPhase;
			buildActionMask = 2147483647;
			files = (
				994F6A281899BFC1007A4C9B /* Assignment1Tests.m in Sources */,
			);
			runOnlyForDeploymentPostprocessing = 0;
		};
/* End PBXSourcesBuildPhase section */

/* Begin PBXTargetDependency section */
		994F6A201899BFC1007A4C9B /* PBXTargetDependency */ = {
			isa = PBXTargetDependency;
			target = 994F69F81899BFC1007A4C9B /* Assignment1 */;
			targetProxy = 994F6A1F1899BFC1007A4C9B /* PBXContainerItemProxy */;
		};
/* End PBXTargetDependency section */

/* Begin PBXVariantGroup section */
		994F6A051899BFC1007A4C9B /* InfoPlist.strings */ = {
			isa = PBXVariantGroup;
			children = (
				994F6A061899BFC1007A4C9B /* en */,
			);
			name = InfoPlist.strings;
			sourceTree = "<group>";
		};
		994F6A0E1899BFC1007A4C9B /* Main.storyboard */ = {
			isa = PBXVariantGroup;
			children = (
				994F6A0F1899BFC1007A4C9B /* Base */,
			);
			name = Main.storyboard;
			sourceTree = "<group>";
		};
		994F6A241899BFC1007A4C9B /* InfoPlist.strings */ = {
			isa = PBXVariantGroup;
			children = (
				994F6A251899BFC1007A4C9B /* en */,
			);
			name = InfoPlist.strings;
			sourceTree = "<group>";
		};
/* End PBXVariantGroup section */

/* Begin XCBuildConfiguration section */
		994F6A291899BFC1007A4C9B /* Debug */ = {
			isa = XCBuildConfiguration;
			buildSettings = {
				ALWAYS_SEARCH_USER_PATHS = NO;
				ARCHS = "$(ARCHS_STANDARD_INCLUDING_64_BIT)";
				CLANG_CXX_LANGUAGE_STANDARD = "gnu++0x";
				CLANG_CXX_LIBRARY = "libc++";
				CLANG_ENABLE_MODULES = YES;
				CLANG_ENABLE_OBJC_ARC = YES;
				CLANG_WARN_BOOL_CONVERSION = YES;
				CLANG_WARN_CONSTANT_CONVERSION = YES;
				CLANG_WARN_DIRECT_OBJC_ISA_USAGE = YES_ERROR;
				CLANG_WARN_EMPTY_BODY = YES;
				CLANG_WARN_ENUM_CONVERSION = YES;
				CLANG_WARN_INT_CONVERSION = YES;
				CLANG_WARN_OBJC_ROOT_CLASS = YES_ERROR;
				CLANG_WARN__DUPLICATE_METHOD_MATCH = YES;
				"CODE_SIGN_IDENTITY[sdk=iphoneos*]" = "iPhone Developer";
				COPY_PHASE_STRIP = NO;
				GCC_C_LANGUAGE_STANDARD = gnu99;
				GCC_DYNAMIC_NO_PIC = NO;
				GCC_OPTIMIZATION_LEVEL = 0;
				GCC_PREPROCESSOR_DEFINITIONS = (
					"DEBUG=1",
					"$(inherited)",
				);
				GCC_SYMBOLS_PRIVATE_EXTERN = NO;
				GCC_WARN_64_TO_32_BIT_CONVERSION = YES;
				GCC_WARN_ABOUT_RETURN_TYPE = YES_ERROR;
				GCC_WARN_UNDECLARED_SELECTOR = YES;
				GCC_WARN_UNINITIALIZED_AUTOS = YES;
				GCC_WARN_UNUSED_FUNCTION = YES;
				GCC_WARN_UNUSED_VARIABLE = YES;
				IPHONEOS_DEPLOYMENT_TARGET = 7.0;
				ONLY_ACTIVE_ARCH = YES;
				SDKROOT = iphoneos;
			};
			name = Debug;
		};
		994F6A2A1899BFC1007A4C9B /* Release */ = {
			isa = XCBuildConfiguration;
			buildSettings = {
				ALWAYS_SEARCH_USER_PATHS = NO;
				ARCHS = "$(ARCHS_STANDARD_INCLUDING_64_BIT)";
				CLANG_CXX_LANGUAGE_STANDARD = "gnu++0x";
				CLANG_CXX_LIBRARY = "libc++";
				CLANG_ENABLE_MODULES = YES;
				CLANG_ENABLE_OBJC_ARC = YES;
				CLANG_WARN_BOOL_CONVERSION = YES;
				CLANG_WARN_CONSTANT_CONVERSION = YES;
				CLANG_WARN_DIRECT_OBJC_ISA_USAGE = YES_ERROR;
				CLANG_WARN_EMPTY_BODY = YES;
				CLANG_WARN_ENUM_CONVERSION = YES;
				CLANG_WARN_INT_CONVERSION = YES;
				CLANG_WARN_OBJC_ROOT_CLASS = YES_ERROR;
				CLANG_WARN__DUPLICATE_METHOD_MATCH = YES;
				"CODE_SIGN_IDENTITY[sdk=iphoneos*]" = "iPhone Developer";
				COPY_PHASE_STRIP = YES;
				ENABLE_NS_ASSERTIONS = NO;
				GCC_C_LANGUAGE_STANDARD = gnu99;
				GCC_WARN_64_TO_32_BIT_CONVERSION = YES;
				GCC_WARN_ABOUT_RETURN_TYPE = YES_ERROR;
				GCC_WARN_UNDECLARED_SELECTOR = YES;
				GCC_WARN_UNINITIALIZED_AUTOS = YES;
				GCC_WARN_UNUSED_FUNCTION = YES;
				GCC_WARN_UNUSED_VARIABLE = YES;
				IPHONEOS_DEPLOYMENT_TARGET = 7.0;
				SDKROOT = iphoneos;
				VALIDATE_PRODUCT = YES;
			};
			name = Release;
		};
		994F6A2C1899BFC1007A4C9B /* Debug */ = {
			isa = XCBuildConfiguration;
			buildSettings = {
				ASSETCATALOG_COMPILER_APPICON_NAME = AppIcon;
				ASSETCATALOG_COMPILER_LAUNCHIMAGE_NAME = LaunchImage;
				GCC_PRECOMPILE_PREFIX_HEADER = YES;
				GCC_PREFIX_HEADER = "Assignment1/Assignment1-Prefix.pch";
				INFOPLIST_FILE = "Assignment1/Assignment1-Info.plist";
				PRODUCT_NAME = "$(TARGET_NAME)";
				WRAPPER_EXTENSION = app;
			};
			name = Debug;
		};
		994F6A2D1899BFC1007A4C9B /* Release */ = {
			isa = XCBuildConfiguration;
			buildSettings = {
				ASSETCATALOG_COMPILER_APPICON_NAME = AppIcon;
				ASSETCATALOG_COMPILER_LAUNCHIMAGE_NAME = LaunchImage;
				GCC_PRECOMPILE_PREFIX_HEADER = YES;
				GCC_PREFIX_HEADER = "Assignment1/Assignment1-Prefix.pch";
				INFOPLIST_FILE = "Assignment1/Assignment1-Info.plist";
				PRODUCT_NAME = "$(TARGET_NAME)";
				WRAPPER_EXTENSION = app;
			};
			name = Release;
		};
		994F6A2F1899BFC1007A4C9B /* Debug */ = {
			isa = XCBuildConfiguration;
			buildSettings = {
				ARCHS = "$(ARCHS_STANDARD_INCLUDING_64_BIT)";
				BUNDLE_LOADER = "$(BUILT_PRODUCTS_DIR)/Assignment1.app/Assignment1";
				FRAMEWORK_SEARCH_PATHS = (
					"$(SDKROOT)/Developer/Library/Frameworks",
					"$(inherited)",
					"$(DEVELOPER_FRAMEWORKS_DIR)",
				);
				GCC_PRECOMPILE_PREFIX_HEADER = YES;
				GCC_PREFIX_HEADER = "Assignment1/Assignment1-Prefix.pch";
				GCC_PREPROCESSOR_DEFINITIONS = (
					"DEBUG=1",
					"$(inherited)",
				);
				INFOPLIST_FILE = "Assignment1Tests/Assignment1Tests-Info.plist";
				PRODUCT_NAME = "$(TARGET_NAME)";
				TEST_HOST = "$(BUNDLE_LOADER)";
				WRAPPER_EXTENSION = xctest;
			};
			name = Debug;
		};
		994F6A301899BFC1007A4C9B /* Release */ = {
			isa = XCBuildConfiguration;
			buildSettings = {
				ARCHS = "$(ARCHS_STANDARD_INCLUDING_64_BIT)";
				BUNDLE_LOADER = "$(BUILT_PRODUCTS_DIR)/Assignment1.app/Assignment1";
				FRAMEWORK_SEARCH_PATHS = (
					"$(SDKROOT)/Developer/Library/Frameworks",
					"$(inherited)",
					"$(DEVELOPER_FRAMEWORKS_DIR)",
				);
				GCC_PRECOMPILE_PREFIX_HEADER = YES;
				GCC_PREFIX_HEADER = "Assignment1/Assignment1-Prefix.pch";
				INFOPLIST_FILE = "Assignment1Tests/Assignment1Tests-Info.plist";
				PRODUCT_NAME = "$(TARGET_NAME)";
				TEST_HOST = "$(BUNDLE_LOADER)";
				WRAPPER_EXTENSION = xctest;
			};
			name = Release;
		};
/* End XCBuildConfiguration section */

/* Begin XCConfigurationList section */
		994F69F41899BFC1007A4C9B /* Build configuration list for PBXProject "Assignment1" */ = {
			isa = XCConfigurationList;
			buildConfigurations = (
				994F6A291899BFC1007A4C9B /* Debug */,
				994F6A2A1899BFC1007A4C9B /* Release */,
			);
			defaultConfigurationIsVisible = 0;
			defaultConfigurationName = Release;
		};
		994F6A2B1899BFC1007A4C9B /* Build configuration list for PBXNativeTarget "Assignment1" */ = {
			isa = XCConfigurationList;
			buildConfigurations = (
				994F6A2C1899BFC1007A4C9B /* Debug */,
				994F6A2D1899BFC1007A4C9B /* Release */,
			);
			defaultConfigurationIsVisible = 0;
			defaultConfigurationName = Release;
		};
		994F6A2E1899BFC1007A4C9B /* Build configuration list for PBXNativeTarget "Assignment1Tests" */ = {
			isa = XCConfigurationList;
			buildConfigurations = (
				994F6A2F1899BFC1007A4C9B /* Debug */,
				994F6A301899BFC1007A4C9B /* Release */,
			);
			defaultConfigurationIsVisible = 0;
			defaultConfigurationName = Release;
		};
/* End XCConfigurationList section */

/* Begin XCVersionGroup section */
		995FA1D818A1C32100BBA8EB /* FavoriteWordsModel.xcdatamodeld */ = {
			isa = XCVersionGroup;
			children = (
				995FA1D918A1C32100BBA8EB /* FavoriteWordsModel.xcdatamodel */,
			);
			currentVersion = 995FA1D918A1C32100BBA8EB /* FavoriteWordsModel.xcdatamodel */;
			path = FavoriteWordsModel.xcdatamodeld;
			sourceTree = "<group>";
			versionGroupType = wrapper.xcdatamodel;
		};
/* End XCVersionGroup section */
	};
	rootObject = 994F69F11899BFC1007A4C9B /* Project object */;
}
